{
  "version": 4,
  "terraform_version": "1.0.11",
  "serial": 28,
  "lineage": "547aab58-b1a6-a541-dbe9-624ae616f7c9",
  "outputs": {},
  "resources": [
    {
      "mode": "managed",
      "type": "kubernetes_namespace",
      "name": "soak",
      "provider": "provider[\"registry.terraform.io/hashicorp/kubernetes\"]",
      "instances": [
        {
          "schema_version": 0,
          "attributes": {
            "id": "soak",
            "metadata": [
              {
                "annotations": null,
                "generate_name": "",
                "generation": 0,
                "labels": null,
                "name": "soak",
                "resource_version": "435",
                "uid": "d76951e8-8b17-4c42-857d-ce920663d866"
              }
            ],
            "timeouts": null
          },
          "sensitive_attributes": [],
          "private": "eyJlMmJmYjczMC1lY2FhLTExZTYtOGY4OC0zNDM2M2JjN2M0YzAiOnsiZGVsZXRlIjozMDAwMDAwMDAwMDB9fQ=="
        }
      ]
    },
    {
      "module": "module.http-blackhole",
      "mode": "managed",
      "type": "kubernetes_config_map",
      "name": "lading",
      "provider": "provider[\"registry.terraform.io/hashicorp/kubernetes\"]",
      "instances": [
        {
          "schema_version": 0,
          "attributes": {
            "binary_data": null,
            "data": {
              "http_blackhole.yaml": "worker_threads: 1\nbinding_addr: \"0.0.0.0:8080\"\nprometheus_addr: \"0.0.0.0:9090\"\n"
            },
            "id": "soak/lading-http-blackhole",
            "metadata": [
              {
                "annotations": null,
                "generate_name": "",
                "generation": 0,
                "labels": null,
                "name": "lading-http-blackhole",
                "namespace": "soak",
                "resource_version": "448",
                "uid": "9f160266-20a6-4030-a03a-093f58feccfb"
              }
            ]
          },
          "sensitive_attributes": [],
          "private": "bnVsbA==",
          "dependencies": [
            "kubernetes_namespace.soak"
          ]
        }
      ]
    },
    {
      "module": "module.http-blackhole",
      "mode": "managed",
      "type": "kubernetes_deployment",
      "name": "http-blackhole",
      "provider": "provider[\"registry.terraform.io/hashicorp/kubernetes\"]",
      "instances": [
        {
          "schema_version": 1,
          "attributes": {
            "id": "soak/http-blackhole",
            "metadata": [
              {
                "annotations": null,
                "generate_name": "",
                "generation": 1,
                "labels": {
                  "app": "http-blackhole",
                  "type": "comparison"
                },
                "name": "http-blackhole",
                "namespace": "soak",
                "resource_version": "537",
                "uid": "09f47382-6d41-4748-837a-b47e3af0f9f6"
              }
            ],
            "spec": [
              {
                "min_ready_seconds": 0,
                "paused": false,
                "progress_deadline_seconds": 600,
                "replicas": "1",
                "revision_history_limit": 10,
                "selector": [
                  {
                    "match_expressions": [],
                    "match_labels": {
                      "app": "http-blackhole",
                      "type": "comparison"
                    }
                  }
                ],
                "strategy": [
                  {
                    "rolling_update": [
                      {
                        "max_surge": "25%",
                        "max_unavailable": "25%"
                      }
                    ],
                    "type": "RollingUpdate"
                  }
                ],
                "template": [
                  {
                    "metadata": [
                      {
                        "annotations": {
                          "prometheus.io/path": "/metrics",
                          "prometheus.io/port": "9090",
                          "prometheus.io/scrape": "true"
                        },
                        "generate_name": "",
                        "generation": 0,
                        "labels": {
                          "app": "http-blackhole",
                          "type": "comparison"
                        },
                        "name": "",
                        "namespace": "",
                        "resource_version": "",
                        "uid": ""
                      }
                    ],
                    "spec": [
                      {
                        "active_deadline_seconds": 0,
                        "affinity": [],
                        "automount_service_account_token": false,
                        "container": [
                          {
                            "args": null,
                            "command": [
                              "/http_blackhole"
                            ],
                            "env": [],
                            "env_from": [],
                            "image": "ghcr.io/blt/lading:sha-0da91906d56acc899b829cea971d79f13e712e21",
                            "image_pull_policy": "IfNotPresent",
                            "lifecycle": [],
                            "liveness_probe": [
                              {
                                "exec": [],
                                "failure_threshold": 3,
                                "http_get": [
                                  {
                                    "host": "",
                                    "http_header": [],
                                    "path": "/metrics",
                                    "port": "9090",
                                    "scheme": "HTTP"
                                  }
                                ],
                                "initial_delay_seconds": 0,
                                "period_seconds": 10,
                                "success_threshold": 1,
                                "tcp_socket": [],
                                "timeout_seconds": 1
                              }
                            ],
                            "name": "http-blackhole",
                            "port": [
                              {
                                "container_port": 8080,
                                "host_ip": "",
                                "host_port": 0,
                                "name": "listen",
                                "protocol": "TCP"
                              },
                              {
                                "container_port": 9090,
                                "host_ip": "",
                                "host_port": 0,
                                "name": "prom-export",
                                "protocol": "TCP"
                              }
                            ],
                            "readiness_probe": [],
                            "resources": [
                              {
                                "limits": {},
                                "requests": {
                                  "cpu": "100m",
                                  "memory": "32Mi"
                                }
                              }
                            ],
                            "security_context": [],
                            "startup_probe": [],
                            "stdin": false,
                            "stdin_once": false,
                            "termination_message_path": "/dev/termination-log",
                            "termination_message_policy": "File",
                            "tty": false,
                            "volume_mount": [
                              {
                                "mount_path": "/etc/lading",
                                "mount_propagation": "None",
                                "name": "etc-lading",
                                "read_only": true,
                                "sub_path": ""
                              }
                            ],
                            "working_dir": ""
                          }
                        ],
                        "dns_config": [],
                        "dns_policy": "ClusterFirst",
                        "enable_service_links": true,
                        "host_aliases": [],
                        "host_ipc": false,
                        "host_network": false,
                        "host_pid": false,
                        "hostname": "",
                        "image_pull_secrets": [],
                        "init_container": [],
                        "node_name": "",
                        "node_selector": null,
                        "priority_class_name": "",
                        "readiness_gate": [],
                        "restart_policy": "Always",
                        "security_context": [],
                        "service_account_name": "",
                        "share_process_namespace": false,
                        "subdomain": "",
                        "termination_grace_period_seconds": 30,
                        "toleration": [],
                        "topology_spread_constraint": [],
                        "volume": [
                          {
                            "aws_elastic_block_store": [],
                            "azure_disk": [],
                            "azure_file": [],
                            "ceph_fs": [],
                            "cinder": [],
                            "config_map": [
                              {
                                "default_mode": "0644",
                                "items": [],
                                "name": "lading-http-blackhole",
                                "optional": false
                              }
                            ],
                            "csi": [],
                            "downward_api": [],
                            "empty_dir": [],
                            "fc": [],
                            "flex_volume": [],
                            "flocker": [],
                            "gce_persistent_disk": [],
                            "git_repo": [],
                            "glusterfs": [],
                            "host_path": [],
                            "iscsi": [],
                            "local": [],
                            "name": "etc-lading",
                            "nfs": [],
                            "persistent_volume_claim": [],
                            "photon_persistent_disk": [],
                            "projected": [],
                            "quobyte": [],
                            "rbd": [],
                            "secret": [],
                            "vsphere_volume": []
                          }
                        ]
                      }
                    ]
                  }
                ]
              }
            ],
            "timeouts": null,
            "wait_for_rollout": true
          },
          "sensitive_attributes": [],
          "private": "eyJlMmJmYjczMC1lY2FhLTExZTYtOGY4OC0zNDM2M2JjN2M0YzAiOnsiY3JlYXRlIjo2MDAwMDAwMDAwMDAsImRlbGV0ZSI6NjAwMDAwMDAwMDAwLCJ1cGRhdGUiOjYwMDAwMDAwMDAwMH0sInNjaGVtYV92ZXJzaW9uIjoiMSJ9",
          "dependencies": [
            "kubernetes_namespace.soak",
            "module.http-blackhole.kubernetes_config_map.lading"
          ]
        }
      ]
    },
    {
      "module": "module.http-blackhole",
      "mode": "managed",
      "type": "kubernetes_service",
      "name": "http-blackhole",
      "provider": "provider[\"registry.terraform.io/hashicorp/kubernetes\"]",
      "instances": [
        {
          "schema_version": 1,
          "attributes": {
            "id": "soak/http-blackhole",
            "metadata": [
              {
                "annotations": null,
                "generate_name": "",
                "generation": 0,
                "labels": null,
                "name": "http-blackhole",
                "namespace": "soak",
                "resource_version": "451",
                "uid": "8c6b9f70-b733-4e2e-b848-05ac362dcdaa"
              }
            ],
            "spec": [
              {
                "cluster_ip": "10.108.16.72",
                "external_ips": null,
                "external_name": "",
                "external_traffic_policy": "",
                "health_check_node_port": 0,
                "load_balancer_ip": "",
                "load_balancer_source_ranges": null,
                "port": [
                  {
                    "name": "datadog-agent",
                    "node_port": 0,
                    "port": 8080,
                    "protocol": "TCP",
                    "target_port": "8080"
                  },
                  {
                    "name": "prom-export",
                    "node_port": 0,
                    "port": 9090,
                    "protocol": "TCP",
                    "target_port": "9090"
                  }
                ],
                "publish_not_ready_addresses": false,
                "selector": {
                  "app": "http-blackhole",
                  "type": "comparison"
                },
                "session_affinity": "ClientIP",
                "type": "ClusterIP"
              }
            ],
            "status": [
              {
                "load_balancer": [
                  {
                    "ingress": []
                  }
                ]
              }
            ],
            "timeouts": null,
            "wait_for_load_balancer": true
          },
          "sensitive_attributes": [],
          "private": "eyJlMmJmYjczMC1lY2FhLTExZTYtOGY4OC0zNDM2M2JjN2M0YzAiOnsiY3JlYXRlIjo2MDAwMDAwMDAwMDB9LCJzY2hlbWFfdmVyc2lvbiI6IjEifQ==",
          "dependencies": [
            "kubernetes_namespace.soak"
          ]
        }
      ]
    },
    {
      "module": "module.monitoring",
      "mode": "data",
      "type": "template_file",
      "name": "soak-observer",
      "provider": "provider[\"registry.terraform.io/hashicorp/template\"]",
      "instances": [
        {
          "schema_version": 0,
          "attributes": {
            "filename": null,
            "id": "cf04fddf63395793e57959256a6f4b1d32e6a40dcff6df3f8342e8326d4d1963",
            "rendered": "experiment_name: \"syslog_loki\"\nvariant: \"comparison\"\ncapture_path: \"/captures/comparison.captures\"\ntargets:\n  - id: vector\n    url: \"http://vector.soak:9090/metrics\"\n  - id: lading_http_gen\n    url: \"http://http-gen.soak:9090\"\n  - id: lading_http_blackhole\n    url: \"http://http-blackhole.soak:9090\"\n  - id: lading_tcp_gen\n    url: \"http://tcp-gen.soak:9090\"\n  - id: lading_splunk_hec_blackhole\n    url: \"http://splunk-hec-blackhole.soak:9090\"\n  - id: lading_splunk_hec_gen\n    url: \"http://splunk-hec-gen.soak:9090\"\n",
            "template": "experiment_name: \"${experiment_name}\"\nvariant: \"${experiment_variant}\"\ncapture_path: \"/captures/${experiment_variant}.captures\"\ntargets:\n  - id: vector\n    url: \"http://vector.soak:9090/metrics\"\n  - id: lading_http_gen\n    url: \"http://http-gen.soak:9090\"\n  - id: lading_http_blackhole\n    url: \"http://http-blackhole.soak:9090\"\n  - id: lading_tcp_gen\n    url: \"http://tcp-gen.soak:9090\"\n  - id: lading_splunk_hec_blackhole\n    url: \"http://splunk-hec-blackhole.soak:9090\"\n  - id: lading_splunk_hec_gen\n    url: \"http://splunk-hec-gen.soak:9090\"\n",
            "vars": {
              "experiment_name": "syslog_loki",
              "experiment_variant": "comparison",
              "vector_id": "vector:6a71553d1e2d49501f03e40ce78090934fcfab13"
            }
          },
          "sensitive_attributes": []
        }
      ]
    },
    {
      "module": "module.monitoring",
      "mode": "managed",
      "type": "kubernetes_config_map",
      "name": "observer",
      "provider": "provider[\"registry.terraform.io/hashicorp/kubernetes\"]",
      "instances": [
        {
          "schema_version": 0,
          "attributes": {
            "binary_data": null,
            "data": {
              "observer.yaml": "experiment_name: \"syslog_loki\"\nvariant: \"comparison\"\ncapture_path: \"/captures/comparison.captures\"\ntargets:\n  - id: vector\n    url: \"http://vector.soak:9090/metrics\"\n  - id: lading_http_gen\n    url: \"http://http-gen.soak:9090\"\n  - id: lading_http_blackhole\n    url: \"http://http-blackhole.soak:9090\"\n  - id: lading_tcp_gen\n    url: \"http://tcp-gen.soak:9090\"\n  - id: lading_splunk_hec_blackhole\n    url: \"http://splunk-hec-blackhole.soak:9090\"\n  - id: lading_splunk_hec_gen\n    url: \"http://splunk-hec-gen.soak:9090\"\n"
            },
            "id": "monitoring/observer",
            "metadata": [
              {
                "annotations": null,
                "generate_name": "",
                "generation": 0,
                "labels": null,
                "name": "observer",
                "namespace": "monitoring",
                "resource_version": "445",
                "uid": "75d27eb7-c812-4ee4-be03-f1bd9e16d985"
              }
            ]
          },
          "sensitive_attributes": [],
          "private": "bnVsbA==",
          "dependencies": [
            "module.monitoring.data.template_file.soak-observer",
            "module.monitoring.kubernetes_namespace.monitoring"
          ]
        }
      ]
    },
    {
      "module": "module.monitoring",
      "mode": "managed",
      "type": "kubernetes_deployment",
      "name": "observer",
      "provider": "provider[\"registry.terraform.io/hashicorp/kubernetes\"]",
      "instances": [
        {
          "schema_version": 1,
          "attributes": {
            "id": "monitoring/observer",
            "metadata": [
              {
                "annotations": null,
                "generate_name": "",
                "generation": 1,
                "labels": {
                  "app": "observer"
                },
                "name": "observer",
                "namespace": "monitoring",
                "resource_version": "528",
                "uid": "f3c22817-53e5-439b-8e84-7232165beb97"
              }
            ],
            "spec": [
              {
                "min_ready_seconds": 0,
                "paused": false,
                "progress_deadline_seconds": 600,
                "replicas": "1",
                "revision_history_limit": 10,
                "selector": [
                  {
                    "match_expressions": [],
                    "match_labels": {
                      "app": "observer"
                    }
                  }
                ],
                "strategy": [
                  {
                    "rolling_update": [
                      {
                        "max_surge": "25%",
                        "max_unavailable": "25%"
                      }
                    ],
                    "type": "RollingUpdate"
                  }
                ],
                "template": [
                  {
                    "metadata": [
                      {
                        "annotations": null,
                        "generate_name": "",
                        "generation": 0,
                        "labels": {
                          "app": "observer"
                        },
                        "name": "",
                        "namespace": "",
                        "resource_version": "",
                        "uid": ""
                      }
                    ],
                    "spec": [
                      {
                        "active_deadline_seconds": 0,
                        "affinity": [],
                        "automount_service_account_token": false,
                        "container": [
                          {
                            "args": [
                              "--config-path",
                              "/etc/vector/soak/observer.yaml"
                            ],
                            "command": null,
                            "env": [],
                            "env_from": [],
                            "image": "ghcr.io/vectordotdev/vector/soak-observer:sha-64c5a94c2187581b93705e168a72d0f0a05325dc",
                            "image_pull_policy": "IfNotPresent",
                            "lifecycle": [],
                            "liveness_probe": [],
                            "name": "observer",
                            "port": [],
                            "readiness_probe": [],
                            "resources": [
                              {
                                "limits": {
                                  "cpu": "100m",
                                  "memory": "32Mi"
                                },
                                "requests": {
                                  "cpu": "100m",
                                  "memory": "32Mi"
                                }
                              }
                            ],
                            "security_context": [],
                            "startup_probe": [],
                            "stdin": false,
                            "stdin_once": false,
                            "termination_message_path": "/dev/termination-log",
                            "termination_message_policy": "File",
                            "tty": false,
                            "volume_mount": [
                              {
                                "mount_path": "/captures",
                                "mount_propagation": "None",
                                "name": "captures",
                                "read_only": false,
                                "sub_path": ""
                              },
                              {
                                "mount_path": "/etc/vector/soak",
                                "mount_propagation": "None",
                                "name": "observer-config",
                                "read_only": true,
                                "sub_path": ""
                              }
                            ],
                            "working_dir": ""
                          }
                        ],
                        "dns_config": [],
                        "dns_policy": "ClusterFirst",
                        "enable_service_links": true,
                        "host_aliases": [],
                        "host_ipc": false,
                        "host_network": false,
                        "host_pid": false,
                        "hostname": "",
                        "image_pull_secrets": [],
                        "init_container": [],
                        "node_name": "",
                        "node_selector": null,
                        "priority_class_name": "",
                        "readiness_gate": [],
                        "restart_policy": "Always",
                        "security_context": [],
                        "service_account_name": "",
                        "share_process_namespace": false,
                        "subdomain": "",
                        "termination_grace_period_seconds": 30,
                        "toleration": [],
                        "topology_spread_constraint": [],
                        "volume": [
                          {
                            "aws_elastic_block_store": [],
                            "azure_disk": [],
                            "azure_file": [],
                            "ceph_fs": [],
                            "cinder": [],
                            "config_map": [],
                            "csi": [],
                            "downward_api": [],
                            "empty_dir": [],
                            "fc": [],
                            "flex_volume": [],
                            "flocker": [],
                            "gce_persistent_disk": [],
                            "git_repo": [],
                            "glusterfs": [],
                            "host_path": [
                              {
                                "path": "/captures",
                                "type": ""
                              }
                            ],
                            "iscsi": [],
                            "local": [],
                            "name": "captures",
                            "nfs": [],
                            "persistent_volume_claim": [],
                            "photon_persistent_disk": [],
                            "projected": [],
                            "quobyte": [],
                            "rbd": [],
                            "secret": [],
                            "vsphere_volume": []
                          },
                          {
                            "aws_elastic_block_store": [],
                            "azure_disk": [],
                            "azure_file": [],
                            "ceph_fs": [],
                            "cinder": [],
                            "config_map": [
                              {
                                "default_mode": "0644",
                                "items": [],
                                "name": "observer",
                                "optional": false
                              }
                            ],
                            "csi": [],
                            "downward_api": [],
                            "empty_dir": [],
                            "fc": [],
                            "flex_volume": [],
                            "flocker": [],
                            "gce_persistent_disk": [],
                            "git_repo": [],
                            "glusterfs": [],
                            "host_path": [],
                            "iscsi": [],
                            "local": [],
                            "name": "observer-config",
                            "nfs": [],
                            "persistent_volume_claim": [],
                            "photon_persistent_disk": [],
                            "projected": [],
                            "quobyte": [],
                            "rbd": [],
                            "secret": [],
                            "vsphere_volume": []
                          }
                        ]
                      }
                    ]
                  }
                ]
              }
            ],
            "timeouts": null,
            "wait_for_rollout": true
          },
          "sensitive_attributes": [],
          "private": "eyJlMmJmYjczMC1lY2FhLTExZTYtOGY4OC0zNDM2M2JjN2M0YzAiOnsiY3JlYXRlIjo2MDAwMDAwMDAwMDAsImRlbGV0ZSI6NjAwMDAwMDAwMDAwLCJ1cGRhdGUiOjYwMDAwMDAwMDAwMH0sInNjaGVtYV92ZXJzaW9uIjoiMSJ9",
          "dependencies": [
            "module.monitoring.data.template_file.soak-observer",
            "module.monitoring.kubernetes_config_map.observer",
            "module.monitoring.kubernetes_namespace.monitoring"
          ]
        }
      ]
    },
    {
      "module": "module.monitoring",
      "mode": "managed",
      "type": "kubernetes_namespace",
      "name": "monitoring",
      "provider": "provider[\"registry.terraform.io/hashicorp/kubernetes\"]",
      "instances": [
        {
          "schema_version": 0,
          "attributes": {
            "id": "monitoring",
            "metadata": [
              {
                "annotations": null,
                "generate_name": "",
                "generation": 0,
                "labels": null,
                "name": "monitoring",
                "resource_version": "433",
                "uid": "d0afc8d8-c91b-4f29-9961-6c0f15384fb4"
              }
            ],
            "timeouts": null
          },
          "sensitive_attributes": [],
          "private": "eyJlMmJmYjczMC1lY2FhLTExZTYtOGY4OC0zNDM2M2JjN2M0YzAiOnsiZGVsZXRlIjozMDAwMDAwMDAwMDB9fQ=="
        }
      ]
    },
    {
      "module": "module.tcp-gen",
      "mode": "managed",
      "type": "kubernetes_config_map",
      "name": "lading",
      "provider": "provider[\"registry.terraform.io/hashicorp/kubernetes\"]",
      "instances": [
        {
          "schema_version": 0,
          "attributes": {
            "binary_data": null,
            "data": {
              "tcp_gen.yaml": "worker_threads: 2\nprometheus_addr: \"0.0.0.0:9090\"\n\ntargets:\n  vector:\n    addr: \"vector:8282\"\n    variant: \"syslog5424\"\n    bytes_per_second: \"500 Mb\"\n    block_sizes: [\"1Kb\", \"2Kb\", \"4Kb\", \"8Kb\", \"256Kb\", \"512Kb\", \"1024Kb\"]\n    maximum_prebuild_cache_size_bytes: \"1 Gb\"\n"
            },
            "id": "soak/lading-tcp-gen",
            "metadata": [
              {
                "annotations": null,
                "generate_name": "",
                "generation": 0,
                "labels": null,
                "name": "lading-tcp-gen",
                "namespace": "soak",
                "resource_version": "569",
                "uid": "9eaa7865-c137-40e8-ad74-5a6638265f3a"
              }
            ]
          },
          "sensitive_attributes": [],
          "private": "bnVsbA==",
          "dependencies": [
            "kubernetes_namespace.soak",
            "module.http-blackhole.kubernetes_config_map.lading",
            "module.http-blackhole.kubernetes_deployment.http-blackhole",
            "module.http-blackhole.kubernetes_service.http-blackhole",
            "module.vector.kubernetes_config_map.vector",
            "module.vector.kubernetes_deployment.vector",
            "module.vector.kubernetes_service.vector"
          ]
        }
      ]
    },
    {
      "module": "module.tcp-gen",
      "mode": "managed",
      "type": "kubernetes_deployment",
      "name": "tcp-gen",
      "provider": "provider[\"registry.terraform.io/hashicorp/kubernetes\"]",
      "instances": [
        {
          "schema_version": 1,
          "attributes": {
            "id": "soak/tcp-gen",
            "metadata": [
              {
                "annotations": null,
                "generate_name": "",
                "generation": 1,
                "labels": {
                  "app": "tcp-gen",
                  "type": "comparison"
                },
                "name": "tcp-gen",
                "namespace": "soak",
                "resource_version": "596",
                "uid": "583c782b-7f6e-4142-88d3-b944a07318b0"
              }
            ],
            "spec": [
              {
                "min_ready_seconds": 0,
                "paused": false,
                "progress_deadline_seconds": 600,
                "replicas": "1",
                "revision_history_limit": 10,
                "selector": [
                  {
                    "match_expressions": [],
                    "match_labels": {
                      "app": "tcp-gen",
                      "type": "comparison"
                    }
                  }
                ],
                "strategy": [
                  {
                    "rolling_update": [
                      {
                        "max_surge": "25%",
                        "max_unavailable": "25%"
                      }
                    ],
                    "type": "RollingUpdate"
                  }
                ],
                "template": [
                  {
                    "metadata": [
                      {
                        "annotations": {
                          "prometheus.io/path": "/metrics",
                          "prometheus.io/port": "9090",
                          "prometheus.io/scrape": "true"
                        },
                        "generate_name": "",
                        "generation": 0,
                        "labels": {
                          "app": "tcp-gen",
                          "type": "comparison"
                        },
                        "name": "",
                        "namespace": "",
                        "resource_version": "",
                        "uid": ""
                      }
                    ],
                    "spec": [
                      {
                        "active_deadline_seconds": 0,
                        "affinity": [],
                        "automount_service_account_token": false,
                        "container": [
                          {
                            "args": null,
                            "command": [
                              "/tcp_gen"
                            ],
                            "env": [],
                            "env_from": [],
                            "image": "ghcr.io/blt/lading:sha-0da91906d56acc899b829cea971d79f13e712e21",
                            "image_pull_policy": "IfNotPresent",
                            "lifecycle": [],
                            "liveness_probe": [
                              {
                                "exec": [],
                                "failure_threshold": 3,
                                "http_get": [
                                  {
                                    "host": "",
                                    "http_header": [],
                                    "path": "/metrics",
                                    "port": "9090",
                                    "scheme": "HTTP"
                                  }
                                ],
                                "initial_delay_seconds": 0,
                                "period_seconds": 10,
                                "success_threshold": 1,
                                "tcp_socket": [],
                                "timeout_seconds": 1
                              }
                            ],
                            "name": "tcp-gen",
                            "port": [
                              {
                                "container_port": 9090,
                                "host_ip": "",
                                "host_port": 0,
                                "name": "prom-export",
                                "protocol": "TCP"
                              }
                            ],
                            "readiness_probe": [],
                            "resources": [
                              {
                                "limits": {
                                  "cpu": "1",
                                  "memory": "512Mi"
                                },
                                "requests": {
                                  "cpu": "1",
                                  "memory": "512Mi"
                                }
                              }
                            ],
                            "security_context": [],
                            "startup_probe": [],
                            "stdin": false,
                            "stdin_once": false,
                            "termination_message_path": "/dev/termination-log",
                            "termination_message_policy": "File",
                            "tty": false,
                            "volume_mount": [
                              {
                                "mount_path": "/etc/lading",
                                "mount_propagation": "None",
                                "name": "etc-lading",
                                "read_only": true,
                                "sub_path": ""
                              }
                            ],
                            "working_dir": ""
                          }
                        ],
                        "dns_config": [],
                        "dns_policy": "ClusterFirst",
                        "enable_service_links": true,
                        "host_aliases": [],
                        "host_ipc": false,
                        "host_network": false,
                        "host_pid": false,
                        "hostname": "",
                        "image_pull_secrets": [],
                        "init_container": [],
                        "node_name": "",
                        "node_selector": null,
                        "priority_class_name": "",
                        "readiness_gate": [],
                        "restart_policy": "Always",
                        "security_context": [],
                        "service_account_name": "",
                        "share_process_namespace": false,
                        "subdomain": "",
                        "termination_grace_period_seconds": 30,
                        "toleration": [],
                        "topology_spread_constraint": [],
                        "volume": [
                          {
                            "aws_elastic_block_store": [],
                            "azure_disk": [],
                            "azure_file": [],
                            "ceph_fs": [],
                            "cinder": [],
                            "config_map": [
                              {
                                "default_mode": "0644",
                                "items": [],
                                "name": "lading-tcp-gen",
                                "optional": false
                              }
                            ],
                            "csi": [],
                            "downward_api": [],
                            "empty_dir": [],
                            "fc": [],
                            "flex_volume": [],
                            "flocker": [],
                            "gce_persistent_disk": [],
                            "git_repo": [],
                            "glusterfs": [],
                            "host_path": [],
                            "iscsi": [],
                            "local": [],
                            "name": "etc-lading",
                            "nfs": [],
                            "persistent_volume_claim": [],
                            "photon_persistent_disk": [],
                            "projected": [],
                            "quobyte": [],
                            "rbd": [],
                            "secret": [],
                            "vsphere_volume": []
                          }
                        ]
                      }
                    ]
                  }
                ]
              }
            ],
            "timeouts": null,
            "wait_for_rollout": true
          },
          "sensitive_attributes": [],
          "private": "eyJlMmJmYjczMC1lY2FhLTExZTYtOGY4OC0zNDM2M2JjN2M0YzAiOnsiY3JlYXRlIjo2MDAwMDAwMDAwMDAsImRlbGV0ZSI6NjAwMDAwMDAwMDAwLCJ1cGRhdGUiOjYwMDAwMDAwMDAwMH0sInNjaGVtYV92ZXJzaW9uIjoiMSJ9",
          "dependencies": [
            "kubernetes_namespace.soak",
            "module.http-blackhole.kubernetes_config_map.lading",
            "module.http-blackhole.kubernetes_deployment.http-blackhole",
            "module.http-blackhole.kubernetes_service.http-blackhole",
            "module.tcp-gen.kubernetes_config_map.lading",
            "module.vector.kubernetes_config_map.vector",
            "module.vector.kubernetes_deployment.vector",
            "module.vector.kubernetes_service.vector"
          ]
        }
      ]
    },
    {
      "module": "module.tcp-gen",
      "mode": "managed",
      "type": "kubernetes_service",
      "name": "tcp-gen",
      "provider": "provider[\"registry.terraform.io/hashicorp/kubernetes\"]",
      "instances": [
        {
          "schema_version": 1,
          "attributes": {
            "id": "soak/tcp-gen",
            "metadata": [
              {
                "annotations": null,
                "generate_name": "",
                "generation": 0,
                "labels": null,
                "name": "tcp-gen",
                "namespace": "soak",
                "resource_version": "571",
                "uid": "c48744dd-6349-4368-a822-fb506d137f1d"
              }
            ],
            "spec": [
              {
                "cluster_ip": "10.98.60.107",
                "external_ips": null,
                "external_name": "",
                "external_traffic_policy": "",
                "health_check_node_port": 0,
                "load_balancer_ip": "",
                "load_balancer_source_ranges": null,
                "port": [
                  {
                    "name": "prom-export",
                    "node_port": 0,
                    "port": 9090,
                    "protocol": "TCP",
                    "target_port": "9090"
                  }
                ],
                "publish_not_ready_addresses": false,
                "selector": {
                  "app": "tcp-gen",
                  "type": "comparison"
                },
                "session_affinity": "ClientIP",
                "type": "ClusterIP"
              }
            ],
            "status": [
              {
                "load_balancer": [
                  {
                    "ingress": []
                  }
                ]
              }
            ],
            "timeouts": null,
            "wait_for_load_balancer": true
          },
          "sensitive_attributes": [],
          "private": "eyJlMmJmYjczMC1lY2FhLTExZTYtOGY4OC0zNDM2M2JjN2M0YzAiOnsiY3JlYXRlIjo2MDAwMDAwMDAwMDB9LCJzY2hlbWFfdmVyc2lvbiI6IjEifQ==",
          "dependencies": [
            "kubernetes_namespace.soak",
            "module.http-blackhole.kubernetes_config_map.lading",
            "module.http-blackhole.kubernetes_deployment.http-blackhole",
            "module.http-blackhole.kubernetes_service.http-blackhole",
            "module.vector.kubernetes_config_map.vector",
            "module.vector.kubernetes_deployment.vector",
            "module.vector.kubernetes_service.vector"
          ]
        }
      ]
    },
    {
      "module": "module.vector",
      "mode": "managed",
      "type": "kubernetes_config_map",
      "name": "vector",
      "provider": "provider[\"registry.terraform.io/hashicorp/kubernetes\"]",
      "instances": [
        {
          "schema_version": 0,
          "attributes": {
            "binary_data": null,
            "data": {
              "vector.toml": "data_dir = \"/var/lib/vector\"\n\n##\n## Sources\n##\n\n[sources.internal_metrics]\ntype = \"internal_metrics\"\n\n[sources.syslog]\ntype = \"syslog\"\naddress = \"0.0.0.0:8282\"\nmax_length = 1_500_000\nmode = \"tcp\"\n\n##\n## Sinks\n##\n\n[sinks.prometheus]\ntype = \"prometheus_exporter\"\ninputs = [\"internal_metrics\"]\naddress = \"0.0.0.0:9090\"\n\n[sinks.loki]\ntype = \"loki\"\ninputs = [\"syslog\"]\nendpoint = \"http://http-blackhole:8080\"\nencoding.codec = \"json\"\n\n[sinks.loki.labels]\nhost = \"{{ .host }}\"\n"
            },
            "id": "soak/vector",
            "metadata": [
              {
                "annotations": null,
                "generate_name": "",
                "generation": 0,
                "labels": null,
                "name": "vector",
                "namespace": "soak",
                "resource_version": "539",
                "uid": "95a388dd-1ddc-4b86-af06-53f8616d81e4"
              }
            ]
          },
          "sensitive_attributes": [],
          "private": "bnVsbA==",
          "dependencies": [
            "kubernetes_namespace.soak",
            "module.http-blackhole.kubernetes_config_map.lading",
            "module.http-blackhole.kubernetes_deployment.http-blackhole",
            "module.http-blackhole.kubernetes_service.http-blackhole"
          ]
        }
      ]
    },
    {
      "module": "module.vector",
      "mode": "managed",
      "type": "kubernetes_deployment",
      "name": "vector",
      "provider": "provider[\"registry.terraform.io/hashicorp/kubernetes\"]",
      "instances": [
        {
          "schema_version": 1,
          "attributes": {
            "id": "soak/vector",
            "metadata": [
              {
                "annotations": null,
                "generate_name": "",
                "generation": 1,
                "labels": {
                  "app": "vector",
                  "type": "comparison"
                },
                "name": "vector",
                "namespace": "soak",
                "resource_version": "567",
                "uid": "0dda3e1c-a686-4a1b-b0ac-79dfc1479fb4"
              }
            ],
            "spec": [
              {
                "min_ready_seconds": 0,
                "paused": false,
                "progress_deadline_seconds": 600,
                "replicas": "1",
                "revision_history_limit": 10,
                "selector": [
                  {
                    "match_expressions": [],
                    "match_labels": {
                      "app": "vector",
                      "type": "comparison"
                    }
                  }
                ],
                "strategy": [
                  {
                    "rolling_update": [
                      {
                        "max_surge": "25%",
                        "max_unavailable": "25%"
                      }
                    ],
                    "type": "RollingUpdate"
                  }
                ],
                "template": [
                  {
                    "metadata": [
                      {
                        "annotations": {
                          "prometheus.io/path": "/metrics",
                          "prometheus.io/port": "9090",
                          "prometheus.io/scrape": "true"
                        },
                        "generate_name": "",
                        "generation": 0,
                        "labels": {
                          "app": "vector",
                          "type": "comparison"
                        },
                        "name": "",
                        "namespace": "",
                        "resource_version": "",
                        "uid": ""
                      }
                    ],
                    "spec": [
                      {
                        "active_deadline_seconds": 0,
                        "affinity": [],
                        "automount_service_account_token": false,
                        "container": [
                          {
                            "args": null,
                            "command": null,
                            "env": [],
                            "env_from": [],
                            "image": "vector:6a71553d1e2d49501f03e40ce78090934fcfab13",
                            "image_pull_policy": "IfNotPresent",
                            "lifecycle": [],
                            "liveness_probe": [
                              {
                                "exec": [],
                                "failure_threshold": 3,
                                "http_get": [
                                  {
                                    "host": "",
                                    "http_header": [],
                                    "path": "/metrics",
                                    "port": "9090",
                                    "scheme": "HTTP"
                                  }
                                ],
                                "initial_delay_seconds": 0,
                                "period_seconds": 10,
                                "success_threshold": 1,
                                "tcp_socket": [],
                                "timeout_seconds": 1
                              }
                            ],
                            "name": "vector",
                            "port": [
                              {
                                "container_port": 8282,
                                "host_ip": "",
                                "host_port": 0,
                                "name": "source",
                                "protocol": "TCP"
                              },
                              {
                                "container_port": 9090,
                                "host_ip": "",
                                "host_port": 0,
                                "name": "prom-export",
                                "protocol": "TCP"
                              }
                            ],
                            "readiness_probe": [],
                            "resources": [
                              {
                                "limits": {
                                  "cpu": "4"
                                },
                                "requests": {
                                  "cpu": "4",
                                  "memory": "512Mi"
                                }
                              }
                            ],
                            "security_context": [],
                            "startup_probe": [],
                            "stdin": false,
                            "stdin_once": false,
                            "termination_message_path": "/dev/termination-log",
                            "termination_message_policy": "File",
                            "tty": false,
                            "volume_mount": [
                              {
                                "mount_path": "/var/lib/vector",
                                "mount_propagation": "None",
                                "name": "var-lib-vector",
                                "read_only": false,
                                "sub_path": ""
                              },
                              {
                                "mount_path": "/etc/vector",
                                "mount_propagation": "None",
                                "name": "etc-vector",
                                "read_only": true,
                                "sub_path": ""
                              }
                            ],
                            "working_dir": ""
                          }
                        ],
                        "dns_config": [],
                        "dns_policy": "ClusterFirst",
                        "enable_service_links": true,
                        "host_aliases": [],
                        "host_ipc": false,
                        "host_network": false,
                        "host_pid": false,
                        "hostname": "",
                        "image_pull_secrets": [],
                        "init_container": [],
                        "node_name": "",
                        "node_selector": null,
                        "priority_class_name": "",
                        "readiness_gate": [],
                        "restart_policy": "Always",
                        "security_context": [],
                        "service_account_name": "",
                        "share_process_namespace": false,
                        "subdomain": "",
                        "termination_grace_period_seconds": 30,
                        "toleration": [],
                        "topology_spread_constraint": [],
                        "volume": [
                          {
                            "aws_elastic_block_store": [],
                            "azure_disk": [],
                            "azure_file": [],
                            "ceph_fs": [],
                            "cinder": [],
                            "config_map": [],
                            "csi": [],
                            "downward_api": [],
                            "empty_dir": [
                              {
                                "medium": "",
                                "size_limit": ""
                              }
                            ],
                            "fc": [],
                            "flex_volume": [],
                            "flocker": [],
                            "gce_persistent_disk": [],
                            "git_repo": [],
                            "glusterfs": [],
                            "host_path": [],
                            "iscsi": [],
                            "local": [],
                            "name": "var-lib-vector",
                            "nfs": [],
                            "persistent_volume_claim": [],
                            "photon_persistent_disk": [],
                            "projected": [],
                            "quobyte": [],
                            "rbd": [],
                            "secret": [],
                            "vsphere_volume": []
                          },
                          {
                            "aws_elastic_block_store": [],
                            "azure_disk": [],
                            "azure_file": [],
                            "ceph_fs": [],
                            "cinder": [],
                            "config_map": [
                              {
                                "default_mode": "0644",
                                "items": [],
                                "name": "vector",
                                "optional": false
                              }
                            ],
                            "csi": [],
                            "downward_api": [],
                            "empty_dir": [],
                            "fc": [],
                            "flex_volume": [],
                            "flocker": [],
                            "gce_persistent_disk": [],
                            "git_repo": [],
                            "glusterfs": [],
                            "host_path": [],
                            "iscsi": [],
                            "local": [],
                            "name": "etc-vector",
                            "nfs": [],
                            "persistent_volume_claim": [],
                            "photon_persistent_disk": [],
                            "projected": [],
                            "quobyte": [],
                            "rbd": [],
                            "secret": [],
                            "vsphere_volume": []
                          }
                        ]
                      }
                    ]
                  }
                ]
              }
            ],
            "timeouts": null,
            "wait_for_rollout": true
          },
          "sensitive_attributes": [],
          "private": "eyJlMmJmYjczMC1lY2FhLTExZTYtOGY4OC0zNDM2M2JjN2M0YzAiOnsiY3JlYXRlIjo2MDAwMDAwMDAwMDAsImRlbGV0ZSI6NjAwMDAwMDAwMDAwLCJ1cGRhdGUiOjYwMDAwMDAwMDAwMH0sInNjaGVtYV92ZXJzaW9uIjoiMSJ9",
          "dependencies": [
            "kubernetes_namespace.soak",
            "module.http-blackhole.kubernetes_config_map.lading",
            "module.http-blackhole.kubernetes_deployment.http-blackhole",
            "module.http-blackhole.kubernetes_service.http-blackhole",
            "module.vector.kubernetes_config_map.vector"
          ]
        }
      ]
    },
    {
      "module": "module.vector",
      "mode": "managed",
      "type": "kubernetes_service",
      "name": "vector",
      "provider": "provider[\"registry.terraform.io/hashicorp/kubernetes\"]",
      "instances": [
        {
          "schema_version": 1,
          "attributes": {
            "id": "soak/vector",
            "metadata": [
              {
                "annotations": null,
                "generate_name": "",
                "generation": 0,
                "labels": null,
                "name": "vector",
                "namespace": "soak",
                "resource_version": "541",
                "uid": "865e1918-f91d-427e-96ff-8e419f48c613"
              }
            ],
            "spec": [
              {
                "cluster_ip": "10.102.77.39",
                "external_ips": null,
                "external_name": "",
                "external_traffic_policy": "",
                "health_check_node_port": 0,
                "load_balancer_ip": "",
                "load_balancer_source_ranges": null,
                "port": [
                  {
                    "name": "source",
                    "node_port": 0,
                    "port": 8282,
                    "protocol": "TCP",
                    "target_port": "8282"
                  },
                  {
                    "name": "prom-export",
                    "node_port": 0,
                    "port": 9090,
                    "protocol": "TCP",
                    "target_port": "9090"
                  }
                ],
                "publish_not_ready_addresses": false,
                "selector": {
                  "app": "vector",
                  "type": "comparison"
                },
                "session_affinity": "ClientIP",
                "type": "ClusterIP"
              }
            ],
            "status": [
              {
                "load_balancer": [
                  {
                    "ingress": []
                  }
                ]
              }
            ],
            "timeouts": null,
            "wait_for_load_balancer": true
          },
          "sensitive_attributes": [],
          "private": "eyJlMmJmYjczMC1lY2FhLTExZTYtOGY4OC0zNDM2M2JjN2M0YzAiOnsiY3JlYXRlIjo2MDAwMDAwMDAwMDB9LCJzY2hlbWFfdmVyc2lvbiI6IjEifQ==",
          "dependencies": [
            "kubernetes_namespace.soak",
            "module.http-blackhole.kubernetes_config_map.lading",
            "module.http-blackhole.kubernetes_deployment.http-blackhole",
            "module.http-blackhole.kubernetes_service.http-blackhole"
          ]
        }
      ]
    }
  ]
}
