{
  "version": 4,
  "terraform_version": "1.0.11",
  "serial": 14,
  "lineage": "547aab58-b1a6-a541-dbe9-624ae616f7c9",
  "outputs": {},
  "resources": [
    {
      "mode": "managed",
      "type": "kubernetes_namespace",
      "name": "soak",
      "provider": "provider[\"registry.terraform.io/hashicorp/kubernetes\"]",
      "instances": [
        {
          "schema_version": 0,
          "attributes": {
            "id": "soak",
            "metadata": [
              {
                "annotations": null,
                "generate_name": "",
                "generation": 0,
                "labels": null,
                "name": "soak",
                "resource_version": "443",
                "uid": "33d85ce6-89c2-463f-88a2-f64b657d7fbe"
              }
            ],
            "timeouts": null
          },
          "sensitive_attributes": [],
          "private": "eyJlMmJmYjczMC1lY2FhLTExZTYtOGY4OC0zNDM2M2JjN2M0YzAiOnsiZGVsZXRlIjozMDAwMDAwMDAwMDB9fQ=="
        }
      ]
    },
    {
      "module": "module.http-blackhole",
      "mode": "managed",
      "type": "kubernetes_config_map",
      "name": "lading",
      "provider": "provider[\"registry.terraform.io/hashicorp/kubernetes\"]",
      "instances": [
        {
          "schema_version": 0,
          "attributes": {
            "binary_data": null,
            "data": {
              "http_blackhole.yaml": "worker_threads: 1\nbinding_addr: \"0.0.0.0:8080\"\nprometheus_addr: \"0.0.0.0:9090\"\n"
            },
            "id": "soak/lading-http-blackhole",
            "metadata": [
              {
                "annotations": null,
                "generate_name": "",
                "generation": 0,
                "labels": null,
                "name": "lading-http-blackhole",
                "namespace": "soak",
                "resource_version": "453",
                "uid": "53eb2052-0fba-4b55-a37c-a87af4c11883"
              }
            ]
          },
          "sensitive_attributes": [],
          "private": "bnVsbA==",
          "dependencies": [
            "kubernetes_namespace.soak"
          ]
        }
      ]
    },
    {
      "module": "module.http-blackhole",
      "mode": "managed",
      "type": "kubernetes_deployment",
      "name": "http-blackhole",
      "provider": "provider[\"registry.terraform.io/hashicorp/kubernetes\"]",
      "instances": [
        {
          "schema_version": 1,
          "attributes": {
            "id": "soak/http-blackhole",
            "metadata": [
              {
                "annotations": null,
                "generate_name": "",
                "generation": 1,
                "labels": {
                  "app": "http-blackhole",
                  "type": "baseline"
                },
                "name": "http-blackhole",
                "namespace": "soak",
                "resource_version": "513",
                "uid": "54b17f21-760f-4b1c-bb4e-ef4bb9016cc2"
              }
            ],
            "spec": [
              {
                "min_ready_seconds": 0,
                "paused": false,
                "progress_deadline_seconds": 600,
                "replicas": "1",
                "revision_history_limit": 10,
                "selector": [
                  {
                    "match_expressions": [],
                    "match_labels": {
                      "app": "http-blackhole",
                      "type": "baseline"
                    }
                  }
                ],
                "strategy": [
                  {
                    "rolling_update": [
                      {
                        "max_surge": "25%",
                        "max_unavailable": "25%"
                      }
                    ],
                    "type": "RollingUpdate"
                  }
                ],
                "template": [
                  {
                    "metadata": [
                      {
                        "annotations": {
                          "prometheus.io/path": "/metrics",
                          "prometheus.io/port": "9090",
                          "prometheus.io/scrape": "true"
                        },
                        "generate_name": "",
                        "generation": 0,
                        "labels": {
                          "app": "http-blackhole",
                          "type": "baseline"
                        },
                        "name": "",
                        "namespace": "",
                        "resource_version": "",
                        "uid": ""
                      }
                    ],
                    "spec": [
                      {
                        "active_deadline_seconds": 0,
                        "affinity": [],
                        "automount_service_account_token": false,
                        "container": [
                          {
                            "args": null,
                            "command": [
                              "/http_blackhole"
                            ],
                            "env": [],
                            "env_from": [],
                            "image": "ghcr.io/blt/lading:sha-0da91906d56acc899b829cea971d79f13e712e21",
                            "image_pull_policy": "IfNotPresent",
                            "lifecycle": [],
                            "liveness_probe": [
                              {
                                "exec": [],
                                "failure_threshold": 3,
                                "http_get": [
                                  {
                                    "host": "",
                                    "http_header": [],
                                    "path": "/metrics",
                                    "port": "9090",
                                    "scheme": "HTTP"
                                  }
                                ],
                                "initial_delay_seconds": 0,
                                "period_seconds": 10,
                                "success_threshold": 1,
                                "tcp_socket": [],
                                "timeout_seconds": 1
                              }
                            ],
                            "name": "http-blackhole",
                            "port": [
                              {
                                "container_port": 8080,
                                "host_ip": "",
                                "host_port": 0,
                                "name": "listen",
                                "protocol": "TCP"
                              },
                              {
                                "container_port": 9090,
                                "host_ip": "",
                                "host_port": 0,
                                "name": "prom-export",
                                "protocol": "TCP"
                              }
                            ],
                            "readiness_probe": [],
                            "resources": [
                              {
                                "limits": {},
                                "requests": {
                                  "cpu": "100m",
                                  "memory": "32Mi"
                                }
                              }
                            ],
                            "security_context": [],
                            "startup_probe": [],
                            "stdin": false,
                            "stdin_once": false,
                            "termination_message_path": "/dev/termination-log",
                            "termination_message_policy": "File",
                            "tty": false,
                            "volume_mount": [
                              {
                                "mount_path": "/etc/lading",
                                "mount_propagation": "None",
                                "name": "etc-lading",
                                "read_only": true,
                                "sub_path": ""
                              }
                            ],
                            "working_dir": ""
                          }
                        ],
                        "dns_config": [],
                        "dns_policy": "ClusterFirst",
                        "enable_service_links": true,
                        "host_aliases": [],
                        "host_ipc": false,
                        "host_network": false,
                        "host_pid": false,
                        "hostname": "",
                        "image_pull_secrets": [],
                        "init_container": [],
                        "node_name": "",
                        "node_selector": null,
                        "priority_class_name": "",
                        "readiness_gate": [],
                        "restart_policy": "Always",
                        "security_context": [],
                        "service_account_name": "",
                        "share_process_namespace": false,
                        "subdomain": "",
                        "termination_grace_period_seconds": 30,
                        "toleration": [],
                        "topology_spread_constraint": [],
                        "volume": [
                          {
                            "aws_elastic_block_store": [],
                            "azure_disk": [],
                            "azure_file": [],
                            "ceph_fs": [],
                            "cinder": [],
                            "config_map": [
                              {
                                "default_mode": "0644",
                                "items": [],
                                "name": "lading-http-blackhole",
                                "optional": false
                              }
                            ],
                            "csi": [],
                            "downward_api": [],
                            "empty_dir": [],
                            "fc": [],
                            "flex_volume": [],
                            "flocker": [],
                            "gce_persistent_disk": [],
                            "git_repo": [],
                            "glusterfs": [],
                            "host_path": [],
                            "iscsi": [],
                            "local": [],
                            "name": "etc-lading",
                            "nfs": [],
                            "persistent_volume_claim": [],
                            "photon_persistent_disk": [],
                            "projected": [],
                            "quobyte": [],
                            "rbd": [],
                            "secret": [],
                            "vsphere_volume": []
                          }
                        ]
                      }
                    ]
                  }
                ]
              }
            ],
            "timeouts": null,
            "wait_for_rollout": true
          },
          "sensitive_attributes": [],
          "private": "eyJlMmJmYjczMC1lY2FhLTExZTYtOGY4OC0zNDM2M2JjN2M0YzAiOnsiY3JlYXRlIjo2MDAwMDAwMDAwMDAsImRlbGV0ZSI6NjAwMDAwMDAwMDAwLCJ1cGRhdGUiOjYwMDAwMDAwMDAwMH0sInNjaGVtYV92ZXJzaW9uIjoiMSJ9",
          "dependencies": [
            "kubernetes_namespace.soak",
            "module.http-blackhole.kubernetes_config_map.lading"
          ]
        }
      ]
    },
    {
      "module": "module.http-blackhole",
      "mode": "managed",
      "type": "kubernetes_service",
      "name": "http-blackhole",
      "provider": "provider[\"registry.terraform.io/hashicorp/kubernetes\"]",
      "instances": [
        {
          "schema_version": 1,
          "attributes": {
            "id": "soak/http-blackhole",
            "metadata": [
              {
                "annotations": null,
                "generate_name": "",
                "generation": 0,
                "labels": null,
                "name": "http-blackhole",
                "namespace": "soak",
                "resource_version": "455",
                "uid": "4e41ebc9-58ce-48cd-8c03-c452dbcb1c85"
              }
            ],
            "spec": [
              {
                "cluster_ip": "10.108.161.2",
                "external_ips": null,
                "external_name": "",
                "external_traffic_policy": "",
                "health_check_node_port": 0,
                "load_balancer_ip": "",
                "load_balancer_source_ranges": null,
                "port": [
                  {
                    "name": "datadog-agent",
                    "node_port": 0,
                    "port": 8080,
                    "protocol": "TCP",
                    "target_port": "8080"
                  },
                  {
                    "name": "prom-export",
                    "node_port": 0,
                    "port": 9090,
                    "protocol": "TCP",
                    "target_port": "9090"
                  }
                ],
                "publish_not_ready_addresses": false,
                "selector": {
                  "app": "http-blackhole",
                  "type": "baseline"
                },
                "session_affinity": "ClientIP",
                "type": "ClusterIP"
              }
            ],
            "status": [
              {
                "load_balancer": [
                  {
                    "ingress": []
                  }
                ]
              }
            ],
            "timeouts": null,
            "wait_for_load_balancer": true
          },
          "sensitive_attributes": [],
          "private": "eyJlMmJmYjczMC1lY2FhLTExZTYtOGY4OC0zNDM2M2JjN2M0YzAiOnsiY3JlYXRlIjo2MDAwMDAwMDAwMDB9LCJzY2hlbWFfdmVyc2lvbiI6IjEifQ==",
          "dependencies": [
            "kubernetes_namespace.soak"
          ]
        }
      ]
    },
    {
      "module": "module.monitoring",
      "mode": "data",
      "type": "template_file",
      "name": "soak-observer",
      "provider": "provider[\"registry.terraform.io/hashicorp/template\"]",
      "instances": [
        {
          "schema_version": 0,
          "attributes": {
            "filename": null,
            "id": "78ddb0c8cc9db12357374a826c0036c4f3b0286b54d5683343e927793b2b4d27",
            "rendered": "experiment_name: \"syslog_loki\"\nvariant: \"baseline\"\ncapture_path: \"/captures/baseline.captures\"\ntargets:\n  - id: vector\n    url: \"http://vector.soak:9090/metrics\"\n  - id: lading_http_gen\n    url: \"http://http-gen.soak:9090\"\n  - id: lading_http_blackhole\n    url: \"http://http-blackhole.soak:9090\"\n  - id: lading_tcp_gen\n    url: \"http://tcp-gen.soak:9090\"\n  - id: lading_splunk_hec_blackhole\n    url: \"http://splunk-hec-blackhole.soak:9090\"\n  - id: lading_splunk_hec_gen\n    url: \"http://splunk-hec-gen.soak:9090\"\n",
            "template": "experiment_name: \"${experiment_name}\"\nvariant: \"${experiment_variant}\"\ncapture_path: \"/captures/${experiment_variant}.captures\"\ntargets:\n  - id: vector\n    url: \"http://vector.soak:9090/metrics\"\n  - id: lading_http_gen\n    url: \"http://http-gen.soak:9090\"\n  - id: lading_http_blackhole\n    url: \"http://http-blackhole.soak:9090\"\n  - id: lading_tcp_gen\n    url: \"http://tcp-gen.soak:9090\"\n  - id: lading_splunk_hec_blackhole\n    url: \"http://splunk-hec-blackhole.soak:9090\"\n  - id: lading_splunk_hec_gen\n    url: \"http://splunk-hec-gen.soak:9090\"\n",
            "vars": {
              "experiment_name": "syslog_loki",
              "experiment_variant": "baseline",
              "vector_id": "vector:0489fd20f1f4916cfdc20ab0697a47b9da823bd8"
            }
          },
          "sensitive_attributes": []
        }
      ]
    },
    {
      "module": "module.monitoring",
      "mode": "managed",
      "type": "kubernetes_config_map",
      "name": "observer",
      "provider": "provider[\"registry.terraform.io/hashicorp/kubernetes\"]",
      "instances": [
        {
          "schema_version": 0,
          "attributes": {
            "binary_data": null,
            "data": {
              "observer.yaml": "experiment_name: \"syslog_loki\"\nvariant: \"baseline\"\ncapture_path: \"/captures/baseline.captures\"\ntargets:\n  - id: vector\n    url: \"http://vector.soak:9090/metrics\"\n  - id: lading_http_gen\n    url: \"http://http-gen.soak:9090\"\n  - id: lading_http_blackhole\n    url: \"http://http-blackhole.soak:9090\"\n  - id: lading_tcp_gen\n    url: \"http://tcp-gen.soak:9090\"\n  - id: lading_splunk_hec_blackhole\n    url: \"http://splunk-hec-blackhole.soak:9090\"\n  - id: lading_splunk_hec_gen\n    url: \"http://splunk-hec-gen.soak:9090\"\n"
            },
            "id": "monitoring/observer",
            "metadata": [
              {
                "annotations": null,
                "generate_name": "",
                "generation": 0,
                "labels": null,
                "name": "observer",
                "namespace": "monitoring",
                "resource_version": "452",
                "uid": "7d78e5ad-36c4-41c8-b630-56506ed4fa79"
              }
            ]
          },
          "sensitive_attributes": [],
          "private": "bnVsbA==",
          "dependencies": [
            "module.monitoring.data.template_file.soak-observer",
            "module.monitoring.kubernetes_namespace.monitoring"
          ]
        }
      ]
    },
    {
      "module": "module.monitoring",
      "mode": "managed",
      "type": "kubernetes_deployment",
      "name": "observer",
      "provider": "provider[\"registry.terraform.io/hashicorp/kubernetes\"]",
      "instances": [
        {
          "schema_version": 1,
          "attributes": {
            "id": "monitoring/observer",
            "metadata": [
              {
                "annotations": null,
                "generate_name": "",
                "generation": 1,
                "labels": {
                  "app": "observer"
                },
                "name": "observer",
                "namespace": "monitoring",
                "resource_version": "520",
                "uid": "b1570d6d-8a84-432b-8805-6732693596d0"
              }
            ],
            "spec": [
              {
                "min_ready_seconds": 0,
                "paused": false,
                "progress_deadline_seconds": 600,
                "replicas": "1",
                "revision_history_limit": 10,
                "selector": [
                  {
                    "match_expressions": [],
                    "match_labels": {
                      "app": "observer"
                    }
                  }
                ],
                "strategy": [
                  {
                    "rolling_update": [
                      {
                        "max_surge": "25%",
                        "max_unavailable": "25%"
                      }
                    ],
                    "type": "RollingUpdate"
                  }
                ],
                "template": [
                  {
                    "metadata": [
                      {
                        "annotations": null,
                        "generate_name": "",
                        "generation": 0,
                        "labels": {
                          "app": "observer"
                        },
                        "name": "",
                        "namespace": "",
                        "resource_version": "",
                        "uid": ""
                      }
                    ],
                    "spec": [
                      {
                        "active_deadline_seconds": 0,
                        "affinity": [],
                        "automount_service_account_token": false,
                        "container": [
                          {
                            "args": [
                              "--config-path",
                              "/etc/vector/soak/observer.yaml"
                            ],
                            "command": null,
                            "env": [],
                            "env_from": [],
                            "image": "ghcr.io/vectordotdev/vector/soak-observer:sha-64c5a94c2187581b93705e168a72d0f0a05325dc",
                            "image_pull_policy": "IfNotPresent",
                            "lifecycle": [],
                            "liveness_probe": [],
                            "name": "observer",
                            "port": [],
                            "readiness_probe": [],
                            "resources": [
                              {
                                "limits": {
                                  "cpu": "100m",
                                  "memory": "32Mi"
                                },
                                "requests": {
                                  "cpu": "100m",
                                  "memory": "32Mi"
                                }
                              }
                            ],
                            "security_context": [],
                            "startup_probe": [],
                            "stdin": false,
                            "stdin_once": false,
                            "termination_message_path": "/dev/termination-log",
                            "termination_message_policy": "File",
                            "tty": false,
                            "volume_mount": [
                              {
                                "mount_path": "/captures",
                                "mount_propagation": "None",
                                "name": "captures",
                                "read_only": false,
                                "sub_path": ""
                              },
                              {
                                "mount_path": "/etc/vector/soak",
                                "mount_propagation": "None",
                                "name": "observer-config",
                                "read_only": true,
                                "sub_path": ""
                              }
                            ],
                            "working_dir": ""
                          }
                        ],
                        "dns_config": [],
                        "dns_policy": "ClusterFirst",
                        "enable_service_links": true,
                        "host_aliases": [],
                        "host_ipc": false,
                        "host_network": false,
                        "host_pid": false,
                        "hostname": "",
                        "image_pull_secrets": [],
                        "init_container": [],
                        "node_name": "",
                        "node_selector": null,
                        "priority_class_name": "",
                        "readiness_gate": [],
                        "restart_policy": "Always",
                        "security_context": [],
                        "service_account_name": "",
                        "share_process_namespace": false,
                        "subdomain": "",
                        "termination_grace_period_seconds": 30,
                        "toleration": [],
                        "topology_spread_constraint": [],
                        "volume": [
                          {
                            "aws_elastic_block_store": [],
                            "azure_disk": [],
                            "azure_file": [],
                            "ceph_fs": [],
                            "cinder": [],
                            "config_map": [],
                            "csi": [],
                            "downward_api": [],
                            "empty_dir": [],
                            "fc": [],
                            "flex_volume": [],
                            "flocker": [],
                            "gce_persistent_disk": [],
                            "git_repo": [],
                            "glusterfs": [],
                            "host_path": [
                              {
                                "path": "/captures",
                                "type": ""
                              }
                            ],
                            "iscsi": [],
                            "local": [],
                            "name": "captures",
                            "nfs": [],
                            "persistent_volume_claim": [],
                            "photon_persistent_disk": [],
                            "projected": [],
                            "quobyte": [],
                            "rbd": [],
                            "secret": [],
                            "vsphere_volume": []
                          },
                          {
                            "aws_elastic_block_store": [],
                            "azure_disk": [],
                            "azure_file": [],
                            "ceph_fs": [],
                            "cinder": [],
                            "config_map": [
                              {
                                "default_mode": "0644",
                                "items": [],
                                "name": "observer",
                                "optional": false
                              }
                            ],
                            "csi": [],
                            "downward_api": [],
                            "empty_dir": [],
                            "fc": [],
                            "flex_volume": [],
                            "flocker": [],
                            "gce_persistent_disk": [],
                            "git_repo": [],
                            "glusterfs": [],
                            "host_path": [],
                            "iscsi": [],
                            "local": [],
                            "name": "observer-config",
                            "nfs": [],
                            "persistent_volume_claim": [],
                            "photon_persistent_disk": [],
                            "projected": [],
                            "quobyte": [],
                            "rbd": [],
                            "secret": [],
                            "vsphere_volume": []
                          }
                        ]
                      }
                    ]
                  }
                ]
              }
            ],
            "timeouts": null,
            "wait_for_rollout": true
          },
          "sensitive_attributes": [],
          "private": "eyJlMmJmYjczMC1lY2FhLTExZTYtOGY4OC0zNDM2M2JjN2M0YzAiOnsiY3JlYXRlIjo2MDAwMDAwMDAwMDAsImRlbGV0ZSI6NjAwMDAwMDAwMDAwLCJ1cGRhdGUiOjYwMDAwMDAwMDAwMH0sInNjaGVtYV92ZXJzaW9uIjoiMSJ9",
          "dependencies": [
            "module.monitoring.data.template_file.soak-observer",
            "module.monitoring.kubernetes_config_map.observer",
            "module.monitoring.kubernetes_namespace.monitoring"
          ]
        }
      ]
    },
    {
      "module": "module.monitoring",
      "mode": "managed",
      "type": "kubernetes_namespace",
      "name": "monitoring",
      "provider": "provider[\"registry.terraform.io/hashicorp/kubernetes\"]",
      "instances": [
        {
          "schema_version": 0,
          "attributes": {
            "id": "monitoring",
            "metadata": [
              {
                "annotations": null,
                "generate_name": "",
                "generation": 0,
                "labels": null,
                "name": "monitoring",
                "resource_version": "442",
                "uid": "0a5f9d42-26b9-4f71-bd50-ded06335cd4d"
              }
            ],
            "timeouts": null
          },
          "sensitive_attributes": [],
          "private": "eyJlMmJmYjczMC1lY2FhLTExZTYtOGY4OC0zNDM2M2JjN2M0YzAiOnsiZGVsZXRlIjozMDAwMDAwMDAwMDB9fQ=="
        }
      ]
    },
    {
      "module": "module.tcp-gen",
      "mode": "managed",
      "type": "kubernetes_config_map",
      "name": "lading",
      "provider": "provider[\"registry.terraform.io/hashicorp/kubernetes\"]",
      "instances": [
        {
          "schema_version": 0,
          "attributes": {
            "binary_data": null,
            "data": {
              "tcp_gen.yaml": "worker_threads: 2\nprometheus_addr: \"0.0.0.0:9090\"\n\ntargets:\n  vector:\n    addr: \"vector:8282\"\n    variant: \"syslog5424\"\n    bytes_per_second: \"500 Mb\"\n    block_sizes: [\"1Kb\", \"2Kb\", \"4Kb\", \"8Kb\", \"256Kb\", \"512Kb\", \"1024Kb\"]\n    maximum_prebuild_cache_size_bytes: \"1 Gb\"\n"
            },
            "id": "soak/lading-tcp-gen",
            "metadata": [
              {
                "annotations": null,
                "generate_name": "",
                "generation": 0,
                "labels": null,
                "name": "lading-tcp-gen",
                "namespace": "soak",
                "resource_version": "550",
                "uid": "775ee120-a2c2-4607-83f4-dc534d50abda"
              }
            ]
          },
          "sensitive_attributes": [],
          "private": "bnVsbA==",
          "dependencies": [
            "kubernetes_namespace.soak",
            "module.http-blackhole.kubernetes_config_map.lading",
            "module.http-blackhole.kubernetes_deployment.http-blackhole",
            "module.http-blackhole.kubernetes_service.http-blackhole",
            "module.vector.kubernetes_config_map.vector",
            "module.vector.kubernetes_deployment.vector",
            "module.vector.kubernetes_service.vector"
          ]
        }
      ]
    },
    {
      "module": "module.tcp-gen",
      "mode": "managed",
      "type": "kubernetes_deployment",
      "name": "tcp-gen",
      "provider": "provider[\"registry.terraform.io/hashicorp/kubernetes\"]",
      "instances": [
        {
          "schema_version": 1,
          "attributes": {
            "id": "soak/tcp-gen",
            "metadata": [
              {
                "annotations": null,
                "generate_name": "",
                "generation": 1,
                "labels": {
                  "app": "tcp-gen",
                  "type": "baseline"
                },
                "name": "tcp-gen",
                "namespace": "soak",
                "resource_version": "577",
                "uid": "5a43d79c-dc01-49f0-b72d-a3a42d0889da"
              }
            ],
            "spec": [
              {
                "min_ready_seconds": 0,
                "paused": false,
                "progress_deadline_seconds": 600,
                "replicas": "1",
                "revision_history_limit": 10,
                "selector": [
                  {
                    "match_expressions": [],
                    "match_labels": {
                      "app": "tcp-gen",
                      "type": "baseline"
                    }
                  }
                ],
                "strategy": [
                  {
                    "rolling_update": [
                      {
                        "max_surge": "25%",
                        "max_unavailable": "25%"
                      }
                    ],
                    "type": "RollingUpdate"
                  }
                ],
                "template": [
                  {
                    "metadata": [
                      {
                        "annotations": {
                          "prometheus.io/path": "/metrics",
                          "prometheus.io/port": "9090",
                          "prometheus.io/scrape": "true"
                        },
                        "generate_name": "",
                        "generation": 0,
                        "labels": {
                          "app": "tcp-gen",
                          "type": "baseline"
                        },
                        "name": "",
                        "namespace": "",
                        "resource_version": "",
                        "uid": ""
                      }
                    ],
                    "spec": [
                      {
                        "active_deadline_seconds": 0,
                        "affinity": [],
                        "automount_service_account_token": false,
                        "container": [
                          {
                            "args": null,
                            "command": [
                              "/tcp_gen"
                            ],
                            "env": [],
                            "env_from": [],
                            "image": "ghcr.io/blt/lading:sha-0da91906d56acc899b829cea971d79f13e712e21",
                            "image_pull_policy": "IfNotPresent",
                            "lifecycle": [],
                            "liveness_probe": [
                              {
                                "exec": [],
                                "failure_threshold": 3,
                                "http_get": [
                                  {
                                    "host": "",
                                    "http_header": [],
                                    "path": "/metrics",
                                    "port": "9090",
                                    "scheme": "HTTP"
                                  }
                                ],
                                "initial_delay_seconds": 0,
                                "period_seconds": 10,
                                "success_threshold": 1,
                                "tcp_socket": [],
                                "timeout_seconds": 1
                              }
                            ],
                            "name": "tcp-gen",
                            "port": [
                              {
                                "container_port": 9090,
                                "host_ip": "",
                                "host_port": 0,
                                "name": "prom-export",
                                "protocol": "TCP"
                              }
                            ],
                            "readiness_probe": [],
                            "resources": [
                              {
                                "limits": {
                                  "cpu": "1",
                                  "memory": "512Mi"
                                },
                                "requests": {
                                  "cpu": "1",
                                  "memory": "512Mi"
                                }
                              }
                            ],
                            "security_context": [],
                            "startup_probe": [],
                            "stdin": false,
                            "stdin_once": false,
                            "termination_message_path": "/dev/termination-log",
                            "termination_message_policy": "File",
                            "tty": false,
                            "volume_mount": [
                              {
                                "mount_path": "/etc/lading",
                                "mount_propagation": "None",
                                "name": "etc-lading",
                                "read_only": true,
                                "sub_path": ""
                              }
                            ],
                            "working_dir": ""
                          }
                        ],
                        "dns_config": [],
                        "dns_policy": "ClusterFirst",
                        "enable_service_links": true,
                        "host_aliases": [],
                        "host_ipc": false,
                        "host_network": false,
                        "host_pid": false,
                        "hostname": "",
                        "image_pull_secrets": [],
                        "init_container": [],
                        "node_name": "",
                        "node_selector": null,
                        "priority_class_name": "",
                        "readiness_gate": [],
                        "restart_policy": "Always",
                        "security_context": [],
                        "service_account_name": "",
                        "share_process_namespace": false,
                        "subdomain": "",
                        "termination_grace_period_seconds": 30,
                        "toleration": [],
                        "topology_spread_constraint": [],
                        "volume": [
                          {
                            "aws_elastic_block_store": [],
                            "azure_disk": [],
                            "azure_file": [],
                            "ceph_fs": [],
                            "cinder": [],
                            "config_map": [
                              {
                                "default_mode": "0644",
                                "items": [],
                                "name": "lading-tcp-gen",
                                "optional": false
                              }
                            ],
                            "csi": [],
                            "downward_api": [],
                            "empty_dir": [],
                            "fc": [],
                            "flex_volume": [],
                            "flocker": [],
                            "gce_persistent_disk": [],
                            "git_repo": [],
                            "glusterfs": [],
                            "host_path": [],
                            "iscsi": [],
                            "local": [],
                            "name": "etc-lading",
                            "nfs": [],
                            "persistent_volume_claim": [],
                            "photon_persistent_disk": [],
                            "projected": [],
                            "quobyte": [],
                            "rbd": [],
                            "secret": [],
                            "vsphere_volume": []
                          }
                        ]
                      }
                    ]
                  }
                ]
              }
            ],
            "timeouts": null,
            "wait_for_rollout": true
          },
          "sensitive_attributes": [],
          "private": "eyJlMmJmYjczMC1lY2FhLTExZTYtOGY4OC0zNDM2M2JjN2M0YzAiOnsiY3JlYXRlIjo2MDAwMDAwMDAwMDAsImRlbGV0ZSI6NjAwMDAwMDAwMDAwLCJ1cGRhdGUiOjYwMDAwMDAwMDAwMH0sInNjaGVtYV92ZXJzaW9uIjoiMSJ9",
          "dependencies": [
            "kubernetes_namespace.soak",
            "module.http-blackhole.kubernetes_config_map.lading",
            "module.http-blackhole.kubernetes_deployment.http-blackhole",
            "module.http-blackhole.kubernetes_service.http-blackhole",
            "module.tcp-gen.kubernetes_config_map.lading",
            "module.vector.kubernetes_config_map.vector",
            "module.vector.kubernetes_deployment.vector",
            "module.vector.kubernetes_service.vector"
          ]
        }
      ]
    },
    {
      "module": "module.tcp-gen",
      "mode": "managed",
      "type": "kubernetes_service",
      "name": "tcp-gen",
      "provider": "provider[\"registry.terraform.io/hashicorp/kubernetes\"]",
      "instances": [
        {
          "schema_version": 1,
          "attributes": {
            "id": "soak/tcp-gen",
            "metadata": [
              {
                "annotations": null,
                "generate_name": "",
                "generation": 0,
                "labels": null,
                "name": "tcp-gen",
                "namespace": "soak",
                "resource_version": "552",
                "uid": "3c40dfdf-9533-4a4d-a9db-650f0cf263ee"
              }
            ],
            "spec": [
              {
                "cluster_ip": "10.110.204.219",
                "external_ips": null,
                "external_name": "",
                "external_traffic_policy": "",
                "health_check_node_port": 0,
                "load_balancer_ip": "",
                "load_balancer_source_ranges": null,
                "port": [
                  {
                    "name": "prom-export",
                    "node_port": 0,
                    "port": 9090,
                    "protocol": "TCP",
                    "target_port": "9090"
                  }
                ],
                "publish_not_ready_addresses": false,
                "selector": {
                  "app": "tcp-gen",
                  "type": "baseline"
                },
                "session_affinity": "ClientIP",
                "type": "ClusterIP"
              }
            ],
            "status": [
              {
                "load_balancer": [
                  {
                    "ingress": []
                  }
                ]
              }
            ],
            "timeouts": null,
            "wait_for_load_balancer": true
          },
          "sensitive_attributes": [],
          "private": "eyJlMmJmYjczMC1lY2FhLTExZTYtOGY4OC0zNDM2M2JjN2M0YzAiOnsiY3JlYXRlIjo2MDAwMDAwMDAwMDB9LCJzY2hlbWFfdmVyc2lvbiI6IjEifQ==",
          "dependencies": [
            "kubernetes_namespace.soak",
            "module.http-blackhole.kubernetes_config_map.lading",
            "module.http-blackhole.kubernetes_deployment.http-blackhole",
            "module.http-blackhole.kubernetes_service.http-blackhole",
            "module.vector.kubernetes_config_map.vector",
            "module.vector.kubernetes_deployment.vector",
            "module.vector.kubernetes_service.vector"
          ]
        }
      ]
    },
    {
      "module": "module.vector",
      "mode": "managed",
      "type": "kubernetes_config_map",
      "name": "vector",
      "provider": "provider[\"registry.terraform.io/hashicorp/kubernetes\"]",
      "instances": [
        {
          "schema_version": 0,
          "attributes": {
            "binary_data": null,
            "data": {
              "vector.toml": "data_dir = \"/var/lib/vector\"\n\n##\n## Sources\n##\n\n[sources.internal_metrics]\ntype = \"internal_metrics\"\n\n[sources.syslog]\ntype = \"syslog\"\naddress = \"0.0.0.0:8282\"\nmax_length = 1_500_000\nmode = \"tcp\"\n\n##\n## Sinks\n##\n\n[sinks.prometheus]\ntype = \"prometheus_exporter\"\ninputs = [\"internal_metrics\"]\naddress = \"0.0.0.0:9090\"\n\n[sinks.loki]\ntype = \"loki\"\ninputs = [\"syslog\"]\nendpoint = \"http://http-blackhole:8080\"\nencoding.codec = \"json\"\n\n[sinks.loki.labels]\nhost = \"{{ .host }}\"\n"
            },
            "id": "soak/vector",
            "metadata": [
              {
                "annotations": null,
                "generate_name": "",
                "generation": 0,
                "labels": null,
                "name": "vector",
                "namespace": "soak",
                "resource_version": "522",
                "uid": "54448b28-e644-4145-9819-2d752dbb92e3"
              }
            ]
          },
          "sensitive_attributes": [],
          "private": "bnVsbA==",
          "dependencies": [
            "kubernetes_namespace.soak",
            "module.http-blackhole.kubernetes_config_map.lading",
            "module.http-blackhole.kubernetes_deployment.http-blackhole",
            "module.http-blackhole.kubernetes_service.http-blackhole"
          ]
        }
      ]
    },
    {
      "module": "module.vector",
      "mode": "managed",
      "type": "kubernetes_deployment",
      "name": "vector",
      "provider": "provider[\"registry.terraform.io/hashicorp/kubernetes\"]",
      "instances": [
        {
          "schema_version": 1,
          "attributes": {
            "id": "soak/vector",
            "metadata": [
              {
                "annotations": null,
                "generate_name": "",
                "generation": 1,
                "labels": {
                  "app": "vector",
                  "type": "baseline"
                },
                "name": "vector",
                "namespace": "soak",
                "resource_version": "549",
                "uid": "bcb0fcbe-e65f-4d19-b9c5-f752bcec4b55"
              }
            ],
            "spec": [
              {
                "min_ready_seconds": 0,
                "paused": false,
                "progress_deadline_seconds": 600,
                "replicas": "1",
                "revision_history_limit": 10,
                "selector": [
                  {
                    "match_expressions": [],
                    "match_labels": {
                      "app": "vector",
                      "type": "baseline"
                    }
                  }
                ],
                "strategy": [
                  {
                    "rolling_update": [
                      {
                        "max_surge": "25%",
                        "max_unavailable": "25%"
                      }
                    ],
                    "type": "RollingUpdate"
                  }
                ],
                "template": [
                  {
                    "metadata": [
                      {
                        "annotations": {
                          "prometheus.io/path": "/metrics",
                          "prometheus.io/port": "9090",
                          "prometheus.io/scrape": "true"
                        },
                        "generate_name": "",
                        "generation": 0,
                        "labels": {
                          "app": "vector",
                          "type": "baseline"
                        },
                        "name": "",
                        "namespace": "",
                        "resource_version": "",
                        "uid": ""
                      }
                    ],
                    "spec": [
                      {
                        "active_deadline_seconds": 0,
                        "affinity": [],
                        "automount_service_account_token": false,
                        "container": [
                          {
                            "args": null,
                            "command": null,
                            "env": [],
                            "env_from": [],
                            "image": "vector:0489fd20f1f4916cfdc20ab0697a47b9da823bd8",
                            "image_pull_policy": "IfNotPresent",
                            "lifecycle": [],
                            "liveness_probe": [
                              {
                                "exec": [],
                                "failure_threshold": 3,
                                "http_get": [
                                  {
                                    "host": "",
                                    "http_header": [],
                                    "path": "/metrics",
                                    "port": "9090",
                                    "scheme": "HTTP"
                                  }
                                ],
                                "initial_delay_seconds": 0,
                                "period_seconds": 10,
                                "success_threshold": 1,
                                "tcp_socket": [],
                                "timeout_seconds": 1
                              }
                            ],
                            "name": "vector",
                            "port": [
                              {
                                "container_port": 8282,
                                "host_ip": "",
                                "host_port": 0,
                                "name": "source",
                                "protocol": "TCP"
                              },
                              {
                                "container_port": 9090,
                                "host_ip": "",
                                "host_port": 0,
                                "name": "prom-export",
                                "protocol": "TCP"
                              }
                            ],
                            "readiness_probe": [],
                            "resources": [
                              {
                                "limits": {
                                  "cpu": "4"
                                },
                                "requests": {
                                  "cpu": "4",
                                  "memory": "512Mi"
                                }
                              }
                            ],
                            "security_context": [],
                            "startup_probe": [],
                            "stdin": false,
                            "stdin_once": false,
                            "termination_message_path": "/dev/termination-log",
                            "termination_message_policy": "File",
                            "tty": false,
                            "volume_mount": [
                              {
                                "mount_path": "/var/lib/vector",
                                "mount_propagation": "None",
                                "name": "var-lib-vector",
                                "read_only": false,
                                "sub_path": ""
                              },
                              {
                                "mount_path": "/etc/vector",
                                "mount_propagation": "None",
                                "name": "etc-vector",
                                "read_only": true,
                                "sub_path": ""
                              }
                            ],
                            "working_dir": ""
                          }
                        ],
                        "dns_config": [],
                        "dns_policy": "ClusterFirst",
                        "enable_service_links": true,
                        "host_aliases": [],
                        "host_ipc": false,
                        "host_network": false,
                        "host_pid": false,
                        "hostname": "",
                        "image_pull_secrets": [],
                        "init_container": [],
                        "node_name": "",
                        "node_selector": null,
                        "priority_class_name": "",
                        "readiness_gate": [],
                        "restart_policy": "Always",
                        "security_context": [],
                        "service_account_name": "",
                        "share_process_namespace": false,
                        "subdomain": "",
                        "termination_grace_period_seconds": 30,
                        "toleration": [],
                        "topology_spread_constraint": [],
                        "volume": [
                          {
                            "aws_elastic_block_store": [],
                            "azure_disk": [],
                            "azure_file": [],
                            "ceph_fs": [],
                            "cinder": [],
                            "config_map": [],
                            "csi": [],
                            "downward_api": [],
                            "empty_dir": [
                              {
                                "medium": "",
                                "size_limit": ""
                              }
                            ],
                            "fc": [],
                            "flex_volume": [],
                            "flocker": [],
                            "gce_persistent_disk": [],
                            "git_repo": [],
                            "glusterfs": [],
                            "host_path": [],
                            "iscsi": [],
                            "local": [],
                            "name": "var-lib-vector",
                            "nfs": [],
                            "persistent_volume_claim": [],
                            "photon_persistent_disk": [],
                            "projected": [],
                            "quobyte": [],
                            "rbd": [],
                            "secret": [],
                            "vsphere_volume": []
                          },
                          {
                            "aws_elastic_block_store": [],
                            "azure_disk": [],
                            "azure_file": [],
                            "ceph_fs": [],
                            "cinder": [],
                            "config_map": [
                              {
                                "default_mode": "0644",
                                "items": [],
                                "name": "vector",
                                "optional": false
                              }
                            ],
                            "csi": [],
                            "downward_api": [],
                            "empty_dir": [],
                            "fc": [],
                            "flex_volume": [],
                            "flocker": [],
                            "gce_persistent_disk": [],
                            "git_repo": [],
                            "glusterfs": [],
                            "host_path": [],
                            "iscsi": [],
                            "local": [],
                            "name": "etc-vector",
                            "nfs": [],
                            "persistent_volume_claim": [],
                            "photon_persistent_disk": [],
                            "projected": [],
                            "quobyte": [],
                            "rbd": [],
                            "secret": [],
                            "vsphere_volume": []
                          }
                        ]
                      }
                    ]
                  }
                ]
              }
            ],
            "timeouts": null,
            "wait_for_rollout": true
          },
          "sensitive_attributes": [],
          "private": "eyJlMmJmYjczMC1lY2FhLTExZTYtOGY4OC0zNDM2M2JjN2M0YzAiOnsiY3JlYXRlIjo2MDAwMDAwMDAwMDAsImRlbGV0ZSI6NjAwMDAwMDAwMDAwLCJ1cGRhdGUiOjYwMDAwMDAwMDAwMH0sInNjaGVtYV92ZXJzaW9uIjoiMSJ9",
          "dependencies": [
            "kubernetes_namespace.soak",
            "module.http-blackhole.kubernetes_config_map.lading",
            "module.http-blackhole.kubernetes_deployment.http-blackhole",
            "module.http-blackhole.kubernetes_service.http-blackhole",
            "module.vector.kubernetes_config_map.vector"
          ]
        }
      ]
    },
    {
      "module": "module.vector",
      "mode": "managed",
      "type": "kubernetes_service",
      "name": "vector",
      "provider": "provider[\"registry.terraform.io/hashicorp/kubernetes\"]",
      "instances": [
        {
          "schema_version": 1,
          "attributes": {
            "id": "soak/vector",
            "metadata": [
              {
                "annotations": null,
                "generate_name": "",
                "generation": 0,
                "labels": null,
                "name": "vector",
                "namespace": "soak",
                "resource_version": "524",
                "uid": "8f8f6e53-c71b-4b60-88a2-9beae91c8c91"
              }
            ],
            "spec": [
              {
                "cluster_ip": "10.107.26.155",
                "external_ips": null,
                "external_name": "",
                "external_traffic_policy": "",
                "health_check_node_port": 0,
                "load_balancer_ip": "",
                "load_balancer_source_ranges": null,
                "port": [
                  {
                    "name": "source",
                    "node_port": 0,
                    "port": 8282,
                    "protocol": "TCP",
                    "target_port": "8282"
                  },
                  {
                    "name": "prom-export",
                    "node_port": 0,
                    "port": 9090,
                    "protocol": "TCP",
                    "target_port": "9090"
                  }
                ],
                "publish_not_ready_addresses": false,
                "selector": {
                  "app": "vector",
                  "type": "baseline"
                },
                "session_affinity": "ClientIP",
                "type": "ClusterIP"
              }
            ],
            "status": [
              {
                "load_balancer": [
                  {
                    "ingress": []
                  }
                ]
              }
            ],
            "timeouts": null,
            "wait_for_load_balancer": true
          },
          "sensitive_attributes": [],
          "private": "eyJlMmJmYjczMC1lY2FhLTExZTYtOGY4OC0zNDM2M2JjN2M0YzAiOnsiY3JlYXRlIjo2MDAwMDAwMDAwMDB9LCJzY2hlbWFfdmVyc2lvbiI6IjEifQ==",
          "dependencies": [
            "kubernetes_namespace.soak",
            "module.http-blackhole.kubernetes_config_map.lading",
            "module.http-blackhole.kubernetes_deployment.http-blackhole",
            "module.http-blackhole.kubernetes_service.http-blackhole"
          ]
        }
      ]
    }
  ]
}
