{
  "version": 4,
  "terraform_version": "1.0.11",
  "serial": 28,
  "lineage": "abd6aca6-e313-dff8-77aa-ba6e542ca18c",
  "outputs": {},
  "resources": [
    {
      "mode": "managed",
      "type": "kubernetes_namespace",
      "name": "soak",
      "provider": "provider[\"registry.terraform.io/hashicorp/kubernetes\"]",
      "instances": [
        {
          "schema_version": 0,
          "attributes": {
            "id": "soak",
            "metadata": [
              {
                "annotations": null,
                "generate_name": "",
                "generation": 0,
                "labels": null,
                "name": "soak",
                "resource_version": "435",
                "uid": "4dee2b16-ee48-45de-bd8e-26209c2c96e1"
              }
            ],
            "timeouts": null
          },
          "sensitive_attributes": [],
          "private": "eyJlMmJmYjczMC1lY2FhLTExZTYtOGY4OC0zNDM2M2JjN2M0YzAiOnsiZGVsZXRlIjozMDAwMDAwMDAwMDB9fQ=="
        }
      ]
    },
    {
      "module": "module.http-blackhole",
      "mode": "managed",
      "type": "kubernetes_config_map",
      "name": "lading",
      "provider": "provider[\"registry.terraform.io/hashicorp/kubernetes\"]",
      "instances": [
        {
          "schema_version": 0,
          "attributes": {
            "binary_data": null,
            "data": {
              "http_blackhole.yaml": "worker_threads: 1\nbinding_addr: \"0.0.0.0:8080\"\nprometheus_addr: \"0.0.0.0:9090\"\n"
            },
            "id": "soak/lading-http-blackhole",
            "metadata": [
              {
                "annotations": null,
                "generate_name": "",
                "generation": 0,
                "labels": null,
                "name": "lading-http-blackhole",
                "namespace": "soak",
                "resource_version": "447",
                "uid": "b2ec79d8-13e2-4a4e-af92-f9fd112f5e18"
              }
            ]
          },
          "sensitive_attributes": [],
          "private": "bnVsbA==",
          "dependencies": [
            "kubernetes_namespace.soak"
          ]
        }
      ]
    },
    {
      "module": "module.http-blackhole",
      "mode": "managed",
      "type": "kubernetes_deployment",
      "name": "http-blackhole",
      "provider": "provider[\"registry.terraform.io/hashicorp/kubernetes\"]",
      "instances": [
        {
          "schema_version": 1,
          "attributes": {
            "id": "soak/http-blackhole",
            "metadata": [
              {
                "annotations": null,
                "generate_name": "",
                "generation": 1,
                "labels": {
                  "app": "http-blackhole",
                  "type": "comparison"
                },
                "name": "http-blackhole",
                "namespace": "soak",
                "resource_version": "511",
                "uid": "68d215e3-fcaf-4c65-abe8-80847a83ca92"
              }
            ],
            "spec": [
              {
                "min_ready_seconds": 0,
                "paused": false,
                "progress_deadline_seconds": 600,
                "replicas": "1",
                "revision_history_limit": 10,
                "selector": [
                  {
                    "match_expressions": [],
                    "match_labels": {
                      "app": "http-blackhole",
                      "type": "comparison"
                    }
                  }
                ],
                "strategy": [
                  {
                    "rolling_update": [
                      {
                        "max_surge": "25%",
                        "max_unavailable": "25%"
                      }
                    ],
                    "type": "RollingUpdate"
                  }
                ],
                "template": [
                  {
                    "metadata": [
                      {
                        "annotations": {
                          "prometheus.io/path": "/metrics",
                          "prometheus.io/port": "9090",
                          "prometheus.io/scrape": "true"
                        },
                        "generate_name": "",
                        "generation": 0,
                        "labels": {
                          "app": "http-blackhole",
                          "type": "comparison"
                        },
                        "name": "",
                        "namespace": "",
                        "resource_version": "",
                        "uid": ""
                      }
                    ],
                    "spec": [
                      {
                        "active_deadline_seconds": 0,
                        "affinity": [],
                        "automount_service_account_token": false,
                        "container": [
                          {
                            "args": null,
                            "command": [
                              "/http_blackhole"
                            ],
                            "env": [],
                            "env_from": [],
                            "image": "ghcr.io/blt/lading:sha-0da91906d56acc899b829cea971d79f13e712e21",
                            "image_pull_policy": "IfNotPresent",
                            "lifecycle": [],
                            "liveness_probe": [
                              {
                                "exec": [],
                                "failure_threshold": 3,
                                "http_get": [
                                  {
                                    "host": "",
                                    "http_header": [],
                                    "path": "/metrics",
                                    "port": "9090",
                                    "scheme": "HTTP"
                                  }
                                ],
                                "initial_delay_seconds": 0,
                                "period_seconds": 10,
                                "success_threshold": 1,
                                "tcp_socket": [],
                                "timeout_seconds": 1
                              }
                            ],
                            "name": "http-blackhole",
                            "port": [
                              {
                                "container_port": 8080,
                                "host_ip": "",
                                "host_port": 0,
                                "name": "listen",
                                "protocol": "TCP"
                              },
                              {
                                "container_port": 9090,
                                "host_ip": "",
                                "host_port": 0,
                                "name": "prom-export",
                                "protocol": "TCP"
                              }
                            ],
                            "readiness_probe": [],
                            "resources": [
                              {
                                "limits": {},
                                "requests": {
                                  "cpu": "100m",
                                  "memory": "32Mi"
                                }
                              }
                            ],
                            "security_context": [],
                            "startup_probe": [],
                            "stdin": false,
                            "stdin_once": false,
                            "termination_message_path": "/dev/termination-log",
                            "termination_message_policy": "File",
                            "tty": false,
                            "volume_mount": [
                              {
                                "mount_path": "/etc/lading",
                                "mount_propagation": "None",
                                "name": "etc-lading",
                                "read_only": true,
                                "sub_path": ""
                              }
                            ],
                            "working_dir": ""
                          }
                        ],
                        "dns_config": [],
                        "dns_policy": "ClusterFirst",
                        "enable_service_links": true,
                        "host_aliases": [],
                        "host_ipc": false,
                        "host_network": false,
                        "host_pid": false,
                        "hostname": "",
                        "image_pull_secrets": [],
                        "init_container": [],
                        "node_name": "",
                        "node_selector": null,
                        "priority_class_name": "",
                        "readiness_gate": [],
                        "restart_policy": "Always",
                        "security_context": [],
                        "service_account_name": "",
                        "share_process_namespace": false,
                        "subdomain": "",
                        "termination_grace_period_seconds": 30,
                        "toleration": [],
                        "topology_spread_constraint": [],
                        "volume": [
                          {
                            "aws_elastic_block_store": [],
                            "azure_disk": [],
                            "azure_file": [],
                            "ceph_fs": [],
                            "cinder": [],
                            "config_map": [
                              {
                                "default_mode": "0644",
                                "items": [],
                                "name": "lading-http-blackhole",
                                "optional": false
                              }
                            ],
                            "csi": [],
                            "downward_api": [],
                            "empty_dir": [],
                            "fc": [],
                            "flex_volume": [],
                            "flocker": [],
                            "gce_persistent_disk": [],
                            "git_repo": [],
                            "glusterfs": [],
                            "host_path": [],
                            "iscsi": [],
                            "local": [],
                            "name": "etc-lading",
                            "nfs": [],
                            "persistent_volume_claim": [],
                            "photon_persistent_disk": [],
                            "projected": [],
                            "quobyte": [],
                            "rbd": [],
                            "secret": [],
                            "vsphere_volume": []
                          }
                        ]
                      }
                    ]
                  }
                ]
              }
            ],
            "timeouts": null,
            "wait_for_rollout": true
          },
          "sensitive_attributes": [],
          "private": "eyJlMmJmYjczMC1lY2FhLTExZTYtOGY4OC0zNDM2M2JjN2M0YzAiOnsiY3JlYXRlIjo2MDAwMDAwMDAwMDAsImRlbGV0ZSI6NjAwMDAwMDAwMDAwLCJ1cGRhdGUiOjYwMDAwMDAwMDAwMH0sInNjaGVtYV92ZXJzaW9uIjoiMSJ9",
          "dependencies": [
            "kubernetes_namespace.soak",
            "module.http-blackhole.kubernetes_config_map.lading"
          ]
        }
      ]
    },
    {
      "module": "module.http-blackhole",
      "mode": "managed",
      "type": "kubernetes_service",
      "name": "http-blackhole",
      "provider": "provider[\"registry.terraform.io/hashicorp/kubernetes\"]",
      "instances": [
        {
          "schema_version": 1,
          "attributes": {
            "id": "soak/http-blackhole",
            "metadata": [
              {
                "annotations": null,
                "generate_name": "",
                "generation": 0,
                "labels": null,
                "name": "http-blackhole",
                "namespace": "soak",
                "resource_version": "449",
                "uid": "8740e254-56d8-4b26-a2ea-34553e1e0aef"
              }
            ],
            "spec": [
              {
                "cluster_ip": "10.103.234.137",
                "external_ips": null,
                "external_name": "",
                "external_traffic_policy": "",
                "health_check_node_port": 0,
                "load_balancer_ip": "",
                "load_balancer_source_ranges": null,
                "port": [
                  {
                    "name": "datadog-agent",
                    "node_port": 0,
                    "port": 8080,
                    "protocol": "TCP",
                    "target_port": "8080"
                  },
                  {
                    "name": "prom-export",
                    "node_port": 0,
                    "port": 9090,
                    "protocol": "TCP",
                    "target_port": "9090"
                  }
                ],
                "publish_not_ready_addresses": false,
                "selector": {
                  "app": "http-blackhole",
                  "type": "comparison"
                },
                "session_affinity": "ClientIP",
                "type": "ClusterIP"
              }
            ],
            "status": [
              {
                "load_balancer": [
                  {
                    "ingress": []
                  }
                ]
              }
            ],
            "timeouts": null,
            "wait_for_load_balancer": true
          },
          "sensitive_attributes": [],
          "private": "eyJlMmJmYjczMC1lY2FhLTExZTYtOGY4OC0zNDM2M2JjN2M0YzAiOnsiY3JlYXRlIjo2MDAwMDAwMDAwMDB9LCJzY2hlbWFfdmVyc2lvbiI6IjEifQ==",
          "dependencies": [
            "kubernetes_namespace.soak"
          ]
        }
      ]
    },
    {
      "module": "module.monitoring",
      "mode": "data",
      "type": "template_file",
      "name": "soak-observer",
      "provider": "provider[\"registry.terraform.io/hashicorp/template\"]",
      "instances": [
        {
          "schema_version": 0,
          "attributes": {
            "filename": null,
            "id": "b5a9cedd99dd0838b8e9a1ff343953b76a008284d59e9a307e2918cbc5869071",
            "rendered": "experiment_name: \"fluent_remap_aws_firehose\"\nvariant: \"comparison\"\ncapture_path: \"/captures/comparison.captures\"\ntargets:\n  - id: vector\n    url: \"http://vector.soak:9090/metrics\"\n  - id: lading_http_gen\n    url: \"http://http-gen.soak:9090\"\n  - id: lading_http_blackhole\n    url: \"http://http-blackhole.soak:9090\"\n  - id: lading_tcp_gen\n    url: \"http://tcp-gen.soak:9090\"\n  - id: lading_splunk_hec_blackhole\n    url: \"http://splunk-hec-blackhole.soak:9090\"\n  - id: lading_splunk_hec_gen\n    url: \"http://splunk-hec-gen.soak:9090\"\n",
            "template": "experiment_name: \"${experiment_name}\"\nvariant: \"${experiment_variant}\"\ncapture_path: \"/captures/${experiment_variant}.captures\"\ntargets:\n  - id: vector\n    url: \"http://vector.soak:9090/metrics\"\n  - id: lading_http_gen\n    url: \"http://http-gen.soak:9090\"\n  - id: lading_http_blackhole\n    url: \"http://http-blackhole.soak:9090\"\n  - id: lading_tcp_gen\n    url: \"http://tcp-gen.soak:9090\"\n  - id: lading_splunk_hec_blackhole\n    url: \"http://splunk-hec-blackhole.soak:9090\"\n  - id: lading_splunk_hec_gen\n    url: \"http://splunk-hec-gen.soak:9090\"\n",
            "vars": {
              "experiment_name": "fluent_remap_aws_firehose",
              "experiment_variant": "comparison",
              "vector_id": "vector:6a71553d1e2d49501f03e40ce78090934fcfab13"
            }
          },
          "sensitive_attributes": []
        }
      ]
    },
    {
      "module": "module.monitoring",
      "mode": "managed",
      "type": "kubernetes_config_map",
      "name": "observer",
      "provider": "provider[\"registry.terraform.io/hashicorp/kubernetes\"]",
      "instances": [
        {
          "schema_version": 0,
          "attributes": {
            "binary_data": null,
            "data": {
              "observer.yaml": "experiment_name: \"fluent_remap_aws_firehose\"\nvariant: \"comparison\"\ncapture_path: \"/captures/comparison.captures\"\ntargets:\n  - id: vector\n    url: \"http://vector.soak:9090/metrics\"\n  - id: lading_http_gen\n    url: \"http://http-gen.soak:9090\"\n  - id: lading_http_blackhole\n    url: \"http://http-blackhole.soak:9090\"\n  - id: lading_tcp_gen\n    url: \"http://tcp-gen.soak:9090\"\n  - id: lading_splunk_hec_blackhole\n    url: \"http://splunk-hec-blackhole.soak:9090\"\n  - id: lading_splunk_hec_gen\n    url: \"http://splunk-hec-gen.soak:9090\"\n"
            },
            "id": "monitoring/observer",
            "metadata": [
              {
                "annotations": null,
                "generate_name": "",
                "generation": 0,
                "labels": null,
                "name": "observer",
                "namespace": "monitoring",
                "resource_version": "442",
                "uid": "610a2c7b-fd98-49e1-b8c1-6f0276b127f3"
              }
            ]
          },
          "sensitive_attributes": [],
          "private": "bnVsbA==",
          "dependencies": [
            "module.monitoring.data.template_file.soak-observer",
            "module.monitoring.kubernetes_namespace.monitoring"
          ]
        }
      ]
    },
    {
      "module": "module.monitoring",
      "mode": "managed",
      "type": "kubernetes_deployment",
      "name": "observer",
      "provider": "provider[\"registry.terraform.io/hashicorp/kubernetes\"]",
      "instances": [
        {
          "schema_version": 1,
          "attributes": {
            "id": "monitoring/observer",
            "metadata": [
              {
                "annotations": null,
                "generate_name": "",
                "generation": 1,
                "labels": {
                  "app": "observer"
                },
                "name": "observer",
                "namespace": "monitoring",
                "resource_version": "518",
                "uid": "4b1f57fd-1927-4a3a-8e68-5215a9cc0d4a"
              }
            ],
            "spec": [
              {
                "min_ready_seconds": 0,
                "paused": false,
                "progress_deadline_seconds": 600,
                "replicas": "1",
                "revision_history_limit": 10,
                "selector": [
                  {
                    "match_expressions": [],
                    "match_labels": {
                      "app": "observer"
                    }
                  }
                ],
                "strategy": [
                  {
                    "rolling_update": [
                      {
                        "max_surge": "25%",
                        "max_unavailable": "25%"
                      }
                    ],
                    "type": "RollingUpdate"
                  }
                ],
                "template": [
                  {
                    "metadata": [
                      {
                        "annotations": null,
                        "generate_name": "",
                        "generation": 0,
                        "labels": {
                          "app": "observer"
                        },
                        "name": "",
                        "namespace": "",
                        "resource_version": "",
                        "uid": ""
                      }
                    ],
                    "spec": [
                      {
                        "active_deadline_seconds": 0,
                        "affinity": [],
                        "automount_service_account_token": false,
                        "container": [
                          {
                            "args": [
                              "--config-path",
                              "/etc/vector/soak/observer.yaml"
                            ],
                            "command": null,
                            "env": [],
                            "env_from": [],
                            "image": "ghcr.io/vectordotdev/vector/soak-observer:sha-64c5a94c2187581b93705e168a72d0f0a05325dc",
                            "image_pull_policy": "IfNotPresent",
                            "lifecycle": [],
                            "liveness_probe": [],
                            "name": "observer",
                            "port": [],
                            "readiness_probe": [],
                            "resources": [
                              {
                                "limits": {
                                  "cpu": "100m",
                                  "memory": "32Mi"
                                },
                                "requests": {
                                  "cpu": "100m",
                                  "memory": "32Mi"
                                }
                              }
                            ],
                            "security_context": [],
                            "startup_probe": [],
                            "stdin": false,
                            "stdin_once": false,
                            "termination_message_path": "/dev/termination-log",
                            "termination_message_policy": "File",
                            "tty": false,
                            "volume_mount": [
                              {
                                "mount_path": "/captures",
                                "mount_propagation": "None",
                                "name": "captures",
                                "read_only": false,
                                "sub_path": ""
                              },
                              {
                                "mount_path": "/etc/vector/soak",
                                "mount_propagation": "None",
                                "name": "observer-config",
                                "read_only": true,
                                "sub_path": ""
                              }
                            ],
                            "working_dir": ""
                          }
                        ],
                        "dns_config": [],
                        "dns_policy": "ClusterFirst",
                        "enable_service_links": true,
                        "host_aliases": [],
                        "host_ipc": false,
                        "host_network": false,
                        "host_pid": false,
                        "hostname": "",
                        "image_pull_secrets": [],
                        "init_container": [],
                        "node_name": "",
                        "node_selector": null,
                        "priority_class_name": "",
                        "readiness_gate": [],
                        "restart_policy": "Always",
                        "security_context": [],
                        "service_account_name": "",
                        "share_process_namespace": false,
                        "subdomain": "",
                        "termination_grace_period_seconds": 30,
                        "toleration": [],
                        "topology_spread_constraint": [],
                        "volume": [
                          {
                            "aws_elastic_block_store": [],
                            "azure_disk": [],
                            "azure_file": [],
                            "ceph_fs": [],
                            "cinder": [],
                            "config_map": [],
                            "csi": [],
                            "downward_api": [],
                            "empty_dir": [],
                            "fc": [],
                            "flex_volume": [],
                            "flocker": [],
                            "gce_persistent_disk": [],
                            "git_repo": [],
                            "glusterfs": [],
                            "host_path": [
                              {
                                "path": "/captures",
                                "type": ""
                              }
                            ],
                            "iscsi": [],
                            "local": [],
                            "name": "captures",
                            "nfs": [],
                            "persistent_volume_claim": [],
                            "photon_persistent_disk": [],
                            "projected": [],
                            "quobyte": [],
                            "rbd": [],
                            "secret": [],
                            "vsphere_volume": []
                          },
                          {
                            "aws_elastic_block_store": [],
                            "azure_disk": [],
                            "azure_file": [],
                            "ceph_fs": [],
                            "cinder": [],
                            "config_map": [
                              {
                                "default_mode": "0644",
                                "items": [],
                                "name": "observer",
                                "optional": false
                              }
                            ],
                            "csi": [],
                            "downward_api": [],
                            "empty_dir": [],
                            "fc": [],
                            "flex_volume": [],
                            "flocker": [],
                            "gce_persistent_disk": [],
                            "git_repo": [],
                            "glusterfs": [],
                            "host_path": [],
                            "iscsi": [],
                            "local": [],
                            "name": "observer-config",
                            "nfs": [],
                            "persistent_volume_claim": [],
                            "photon_persistent_disk": [],
                            "projected": [],
                            "quobyte": [],
                            "rbd": [],
                            "secret": [],
                            "vsphere_volume": []
                          }
                        ]
                      }
                    ]
                  }
                ]
              }
            ],
            "timeouts": null,
            "wait_for_rollout": true
          },
          "sensitive_attributes": [],
          "private": "eyJlMmJmYjczMC1lY2FhLTExZTYtOGY4OC0zNDM2M2JjN2M0YzAiOnsiY3JlYXRlIjo2MDAwMDAwMDAwMDAsImRlbGV0ZSI6NjAwMDAwMDAwMDAwLCJ1cGRhdGUiOjYwMDAwMDAwMDAwMH0sInNjaGVtYV92ZXJzaW9uIjoiMSJ9",
          "dependencies": [
            "module.monitoring.data.template_file.soak-observer",
            "module.monitoring.kubernetes_config_map.observer",
            "module.monitoring.kubernetes_namespace.monitoring"
          ]
        }
      ]
    },
    {
      "module": "module.monitoring",
      "mode": "managed",
      "type": "kubernetes_namespace",
      "name": "monitoring",
      "provider": "provider[\"registry.terraform.io/hashicorp/kubernetes\"]",
      "instances": [
        {
          "schema_version": 0,
          "attributes": {
            "id": "monitoring",
            "metadata": [
              {
                "annotations": null,
                "generate_name": "",
                "generation": 0,
                "labels": null,
                "name": "monitoring",
                "resource_version": "434",
                "uid": "01e77b30-66f3-4317-8f5d-af0b00812495"
              }
            ],
            "timeouts": null
          },
          "sensitive_attributes": [],
          "private": "eyJlMmJmYjczMC1lY2FhLTExZTYtOGY4OC0zNDM2M2JjN2M0YzAiOnsiZGVsZXRlIjozMDAwMDAwMDAwMDB9fQ=="
        }
      ]
    },
    {
      "module": "module.tcp-gen",
      "mode": "managed",
      "type": "kubernetes_config_map",
      "name": "lading",
      "provider": "provider[\"registry.terraform.io/hashicorp/kubernetes\"]",
      "instances": [
        {
          "schema_version": 0,
          "attributes": {
            "binary_data": null,
            "data": {
              "tcp_gen.yaml": "worker_threads: 2\nprometheus_addr: \"0.0.0.0:9090\"\n\ntargets:\n  vector:\n    addr: \"vector:8282\"\n    variant: \"fluent\"\n    bytes_per_second: \"256 Mb\"\n    block_sizes: [\"1Kb\", \"2Kb\", \"4Kb\", \"8Kb\", \"256Kb\", \"512Kb\", \"1024Kb\"]\n    maximum_prebuild_cache_size_bytes: \"512 Mb\"\n"
            },
            "id": "soak/lading-tcp-gen",
            "metadata": [
              {
                "annotations": null,
                "generate_name": "",
                "generation": 0,
                "labels": null,
                "name": "lading-tcp-gen",
                "namespace": "soak",
                "resource_version": "547",
                "uid": "e1b57e62-7bf4-41f1-9ebe-13b9b5f8c57a"
              }
            ]
          },
          "sensitive_attributes": [],
          "private": "bnVsbA==",
          "dependencies": [
            "kubernetes_namespace.soak",
            "module.http-blackhole.kubernetes_config_map.lading",
            "module.http-blackhole.kubernetes_deployment.http-blackhole",
            "module.http-blackhole.kubernetes_service.http-blackhole",
            "module.vector.kubernetes_config_map.vector",
            "module.vector.kubernetes_deployment.vector",
            "module.vector.kubernetes_service.vector"
          ]
        }
      ]
    },
    {
      "module": "module.tcp-gen",
      "mode": "managed",
      "type": "kubernetes_deployment",
      "name": "tcp-gen",
      "provider": "provider[\"registry.terraform.io/hashicorp/kubernetes\"]",
      "instances": [
        {
          "schema_version": 1,
          "attributes": {
            "id": "soak/tcp-gen",
            "metadata": [
              {
                "annotations": null,
                "generate_name": "",
                "generation": 1,
                "labels": {
                  "app": "tcp-gen",
                  "type": "comparison"
                },
                "name": "tcp-gen",
                "namespace": "soak",
                "resource_version": "574",
                "uid": "17714bdf-9f04-4fbb-97f2-1c4f74778af7"
              }
            ],
            "spec": [
              {
                "min_ready_seconds": 0,
                "paused": false,
                "progress_deadline_seconds": 600,
                "replicas": "1",
                "revision_history_limit": 10,
                "selector": [
                  {
                    "match_expressions": [],
                    "match_labels": {
                      "app": "tcp-gen",
                      "type": "comparison"
                    }
                  }
                ],
                "strategy": [
                  {
                    "rolling_update": [
                      {
                        "max_surge": "25%",
                        "max_unavailable": "25%"
                      }
                    ],
                    "type": "RollingUpdate"
                  }
                ],
                "template": [
                  {
                    "metadata": [
                      {
                        "annotations": {
                          "prometheus.io/path": "/metrics",
                          "prometheus.io/port": "9090",
                          "prometheus.io/scrape": "true"
                        },
                        "generate_name": "",
                        "generation": 0,
                        "labels": {
                          "app": "tcp-gen",
                          "type": "comparison"
                        },
                        "name": "",
                        "namespace": "",
                        "resource_version": "",
                        "uid": ""
                      }
                    ],
                    "spec": [
                      {
                        "active_deadline_seconds": 0,
                        "affinity": [],
                        "automount_service_account_token": false,
                        "container": [
                          {
                            "args": null,
                            "command": [
                              "/tcp_gen"
                            ],
                            "env": [],
                            "env_from": [],
                            "image": "ghcr.io/blt/lading:sha-0da91906d56acc899b829cea971d79f13e712e21",
                            "image_pull_policy": "IfNotPresent",
                            "lifecycle": [],
                            "liveness_probe": [
                              {
                                "exec": [],
                                "failure_threshold": 3,
                                "http_get": [
                                  {
                                    "host": "",
                                    "http_header": [],
                                    "path": "/metrics",
                                    "port": "9090",
                                    "scheme": "HTTP"
                                  }
                                ],
                                "initial_delay_seconds": 0,
                                "period_seconds": 10,
                                "success_threshold": 1,
                                "tcp_socket": [],
                                "timeout_seconds": 1
                              }
                            ],
                            "name": "tcp-gen",
                            "port": [
                              {
                                "container_port": 9090,
                                "host_ip": "",
                                "host_port": 0,
                                "name": "prom-export",
                                "protocol": "TCP"
                              }
                            ],
                            "readiness_probe": [],
                            "resources": [
                              {
                                "limits": {
                                  "cpu": "1",
                                  "memory": "512Mi"
                                },
                                "requests": {
                                  "cpu": "1",
                                  "memory": "512Mi"
                                }
                              }
                            ],
                            "security_context": [],
                            "startup_probe": [],
                            "stdin": false,
                            "stdin_once": false,
                            "termination_message_path": "/dev/termination-log",
                            "termination_message_policy": "File",
                            "tty": false,
                            "volume_mount": [
                              {
                                "mount_path": "/etc/lading",
                                "mount_propagation": "None",
                                "name": "etc-lading",
                                "read_only": true,
                                "sub_path": ""
                              }
                            ],
                            "working_dir": ""
                          }
                        ],
                        "dns_config": [],
                        "dns_policy": "ClusterFirst",
                        "enable_service_links": true,
                        "host_aliases": [],
                        "host_ipc": false,
                        "host_network": false,
                        "host_pid": false,
                        "hostname": "",
                        "image_pull_secrets": [],
                        "init_container": [],
                        "node_name": "",
                        "node_selector": null,
                        "priority_class_name": "",
                        "readiness_gate": [],
                        "restart_policy": "Always",
                        "security_context": [],
                        "service_account_name": "",
                        "share_process_namespace": false,
                        "subdomain": "",
                        "termination_grace_period_seconds": 30,
                        "toleration": [],
                        "topology_spread_constraint": [],
                        "volume": [
                          {
                            "aws_elastic_block_store": [],
                            "azure_disk": [],
                            "azure_file": [],
                            "ceph_fs": [],
                            "cinder": [],
                            "config_map": [
                              {
                                "default_mode": "0644",
                                "items": [],
                                "name": "lading-tcp-gen",
                                "optional": false
                              }
                            ],
                            "csi": [],
                            "downward_api": [],
                            "empty_dir": [],
                            "fc": [],
                            "flex_volume": [],
                            "flocker": [],
                            "gce_persistent_disk": [],
                            "git_repo": [],
                            "glusterfs": [],
                            "host_path": [],
                            "iscsi": [],
                            "local": [],
                            "name": "etc-lading",
                            "nfs": [],
                            "persistent_volume_claim": [],
                            "photon_persistent_disk": [],
                            "projected": [],
                            "quobyte": [],
                            "rbd": [],
                            "secret": [],
                            "vsphere_volume": []
                          }
                        ]
                      }
                    ]
                  }
                ]
              }
            ],
            "timeouts": null,
            "wait_for_rollout": true
          },
          "sensitive_attributes": [],
          "private": "eyJlMmJmYjczMC1lY2FhLTExZTYtOGY4OC0zNDM2M2JjN2M0YzAiOnsiY3JlYXRlIjo2MDAwMDAwMDAwMDAsImRlbGV0ZSI6NjAwMDAwMDAwMDAwLCJ1cGRhdGUiOjYwMDAwMDAwMDAwMH0sInNjaGVtYV92ZXJzaW9uIjoiMSJ9",
          "dependencies": [
            "kubernetes_namespace.soak",
            "module.http-blackhole.kubernetes_config_map.lading",
            "module.http-blackhole.kubernetes_deployment.http-blackhole",
            "module.http-blackhole.kubernetes_service.http-blackhole",
            "module.tcp-gen.kubernetes_config_map.lading",
            "module.vector.kubernetes_config_map.vector",
            "module.vector.kubernetes_deployment.vector",
            "module.vector.kubernetes_service.vector"
          ]
        }
      ]
    },
    {
      "module": "module.tcp-gen",
      "mode": "managed",
      "type": "kubernetes_service",
      "name": "tcp-gen",
      "provider": "provider[\"registry.terraform.io/hashicorp/kubernetes\"]",
      "instances": [
        {
          "schema_version": 1,
          "attributes": {
            "id": "soak/tcp-gen",
            "metadata": [
              {
                "annotations": null,
                "generate_name": "",
                "generation": 0,
                "labels": null,
                "name": "tcp-gen",
                "namespace": "soak",
                "resource_version": "549",
                "uid": "ce914201-2b15-40e7-9e55-5f4d35dd50fa"
              }
            ],
            "spec": [
              {
                "cluster_ip": "10.107.33.11",
                "external_ips": null,
                "external_name": "",
                "external_traffic_policy": "",
                "health_check_node_port": 0,
                "load_balancer_ip": "",
                "load_balancer_source_ranges": null,
                "port": [
                  {
                    "name": "prom-export",
                    "node_port": 0,
                    "port": 9090,
                    "protocol": "TCP",
                    "target_port": "9090"
                  }
                ],
                "publish_not_ready_addresses": false,
                "selector": {
                  "app": "tcp-gen",
                  "type": "comparison"
                },
                "session_affinity": "ClientIP",
                "type": "ClusterIP"
              }
            ],
            "status": [
              {
                "load_balancer": [
                  {
                    "ingress": []
                  }
                ]
              }
            ],
            "timeouts": null,
            "wait_for_load_balancer": true
          },
          "sensitive_attributes": [],
          "private": "eyJlMmJmYjczMC1lY2FhLTExZTYtOGY4OC0zNDM2M2JjN2M0YzAiOnsiY3JlYXRlIjo2MDAwMDAwMDAwMDB9LCJzY2hlbWFfdmVyc2lvbiI6IjEifQ==",
          "dependencies": [
            "kubernetes_namespace.soak",
            "module.http-blackhole.kubernetes_config_map.lading",
            "module.http-blackhole.kubernetes_deployment.http-blackhole",
            "module.http-blackhole.kubernetes_service.http-blackhole",
            "module.vector.kubernetes_config_map.vector",
            "module.vector.kubernetes_deployment.vector",
            "module.vector.kubernetes_service.vector"
          ]
        }
      ]
    },
    {
      "module": "module.vector",
      "mode": "managed",
      "type": "kubernetes_config_map",
      "name": "vector",
      "provider": "provider[\"registry.terraform.io/hashicorp/kubernetes\"]",
      "instances": [
        {
          "schema_version": 0,
          "attributes": {
            "binary_data": null,
            "data": {
              "vector.toml": "data_dir = \"/var/lib/vector\"\n\n##\n## Sources\n##\n\n[sources.internal_metrics]\ntype = \"internal_metrics\"\n\n[sources.fluent]\ntype = \"fluent\"\naddress = \"0.0.0.0:8282\"\n\n##\n## Transforms\n##\n\n[transforms.remap]\ntype = \"remap\"\ninputs = [\"fluent\"]\nsource = \"\"\"\nevent = del(.event)\n# set event to message fields, dropping any existing fields\n. = {}\n.event = object!(event)\n\"\"\"\n\n##\n## Sinks\n##\n\n[sinks.prometheus]\ntype = \"prometheus_exporter\"\ninputs = [\"internal_metrics\"]\naddress = \"0.0.0.0:9090\"\n\n[sinks.firehose-sink]\ntype = \"aws_kinesis_firehose\"\ninputs = [\"remap\"]\nstream_name = \"soak_fluent_remap_firehose\"\nendpoint = \"http://http-blackhole:8080\"\nhealthcheck.enabled = true\ncompression = \"none\"\nencoding = \"json\"\n"
            },
            "id": "soak/vector",
            "metadata": [
              {
                "annotations": null,
                "generate_name": "",
                "generation": 0,
                "labels": null,
                "name": "vector",
                "namespace": "soak",
                "resource_version": "519",
                "uid": "2f9d8608-d9de-4bba-8a41-64ac432d03d1"
              }
            ]
          },
          "sensitive_attributes": [],
          "private": "bnVsbA==",
          "dependencies": [
            "kubernetes_namespace.soak",
            "module.http-blackhole.kubernetes_config_map.lading",
            "module.http-blackhole.kubernetes_deployment.http-blackhole",
            "module.http-blackhole.kubernetes_service.http-blackhole"
          ]
        }
      ]
    },
    {
      "module": "module.vector",
      "mode": "managed",
      "type": "kubernetes_deployment",
      "name": "vector",
      "provider": "provider[\"registry.terraform.io/hashicorp/kubernetes\"]",
      "instances": [
        {
          "schema_version": 1,
          "attributes": {
            "id": "soak/vector",
            "metadata": [
              {
                "annotations": null,
                "generate_name": "",
                "generation": 1,
                "labels": {
                  "app": "vector",
                  "type": "comparison"
                },
                "name": "vector",
                "namespace": "soak",
                "resource_version": "546",
                "uid": "8525ea53-5c8a-4e85-baae-013e715696fe"
              }
            ],
            "spec": [
              {
                "min_ready_seconds": 0,
                "paused": false,
                "progress_deadline_seconds": 600,
                "replicas": "1",
                "revision_history_limit": 10,
                "selector": [
                  {
                    "match_expressions": [],
                    "match_labels": {
                      "app": "vector",
                      "type": "comparison"
                    }
                  }
                ],
                "strategy": [
                  {
                    "rolling_update": [
                      {
                        "max_surge": "25%",
                        "max_unavailable": "25%"
                      }
                    ],
                    "type": "RollingUpdate"
                  }
                ],
                "template": [
                  {
                    "metadata": [
                      {
                        "annotations": {
                          "prometheus.io/path": "/metrics",
                          "prometheus.io/port": "9090",
                          "prometheus.io/scrape": "true"
                        },
                        "generate_name": "",
                        "generation": 0,
                        "labels": {
                          "app": "vector",
                          "type": "comparison"
                        },
                        "name": "",
                        "namespace": "",
                        "resource_version": "",
                        "uid": ""
                      }
                    ],
                    "spec": [
                      {
                        "active_deadline_seconds": 0,
                        "affinity": [],
                        "automount_service_account_token": false,
                        "container": [
                          {
                            "args": null,
                            "command": null,
                            "env": [],
                            "env_from": [],
                            "image": "vector:6a71553d1e2d49501f03e40ce78090934fcfab13",
                            "image_pull_policy": "IfNotPresent",
                            "lifecycle": [],
                            "liveness_probe": [
                              {
                                "exec": [],
                                "failure_threshold": 3,
                                "http_get": [
                                  {
                                    "host": "",
                                    "http_header": [],
                                    "path": "/metrics",
                                    "port": "9090",
                                    "scheme": "HTTP"
                                  }
                                ],
                                "initial_delay_seconds": 0,
                                "period_seconds": 10,
                                "success_threshold": 1,
                                "tcp_socket": [],
                                "timeout_seconds": 1
                              }
                            ],
                            "name": "vector",
                            "port": [
                              {
                                "container_port": 8282,
                                "host_ip": "",
                                "host_port": 0,
                                "name": "source",
                                "protocol": "TCP"
                              },
                              {
                                "container_port": 9090,
                                "host_ip": "",
                                "host_port": 0,
                                "name": "prom-export",
                                "protocol": "TCP"
                              }
                            ],
                            "readiness_probe": [],
                            "resources": [
                              {
                                "limits": {
                                  "cpu": "4"
                                },
                                "requests": {
                                  "cpu": "4",
                                  "memory": "512Mi"
                                }
                              }
                            ],
                            "security_context": [],
                            "startup_probe": [],
                            "stdin": false,
                            "stdin_once": false,
                            "termination_message_path": "/dev/termination-log",
                            "termination_message_policy": "File",
                            "tty": false,
                            "volume_mount": [
                              {
                                "mount_path": "/var/lib/vector",
                                "mount_propagation": "None",
                                "name": "var-lib-vector",
                                "read_only": false,
                                "sub_path": ""
                              },
                              {
                                "mount_path": "/etc/vector",
                                "mount_propagation": "None",
                                "name": "etc-vector",
                                "read_only": true,
                                "sub_path": ""
                              }
                            ],
                            "working_dir": ""
                          }
                        ],
                        "dns_config": [],
                        "dns_policy": "ClusterFirst",
                        "enable_service_links": true,
                        "host_aliases": [],
                        "host_ipc": false,
                        "host_network": false,
                        "host_pid": false,
                        "hostname": "",
                        "image_pull_secrets": [],
                        "init_container": [],
                        "node_name": "",
                        "node_selector": null,
                        "priority_class_name": "",
                        "readiness_gate": [],
                        "restart_policy": "Always",
                        "security_context": [],
                        "service_account_name": "",
                        "share_process_namespace": false,
                        "subdomain": "",
                        "termination_grace_period_seconds": 30,
                        "toleration": [],
                        "topology_spread_constraint": [],
                        "volume": [
                          {
                            "aws_elastic_block_store": [],
                            "azure_disk": [],
                            "azure_file": [],
                            "ceph_fs": [],
                            "cinder": [],
                            "config_map": [],
                            "csi": [],
                            "downward_api": [],
                            "empty_dir": [
                              {
                                "medium": "",
                                "size_limit": ""
                              }
                            ],
                            "fc": [],
                            "flex_volume": [],
                            "flocker": [],
                            "gce_persistent_disk": [],
                            "git_repo": [],
                            "glusterfs": [],
                            "host_path": [],
                            "iscsi": [],
                            "local": [],
                            "name": "var-lib-vector",
                            "nfs": [],
                            "persistent_volume_claim": [],
                            "photon_persistent_disk": [],
                            "projected": [],
                            "quobyte": [],
                            "rbd": [],
                            "secret": [],
                            "vsphere_volume": []
                          },
                          {
                            "aws_elastic_block_store": [],
                            "azure_disk": [],
                            "azure_file": [],
                            "ceph_fs": [],
                            "cinder": [],
                            "config_map": [
                              {
                                "default_mode": "0644",
                                "items": [],
                                "name": "vector",
                                "optional": false
                              }
                            ],
                            "csi": [],
                            "downward_api": [],
                            "empty_dir": [],
                            "fc": [],
                            "flex_volume": [],
                            "flocker": [],
                            "gce_persistent_disk": [],
                            "git_repo": [],
                            "glusterfs": [],
                            "host_path": [],
                            "iscsi": [],
                            "local": [],
                            "name": "etc-vector",
                            "nfs": [],
                            "persistent_volume_claim": [],
                            "photon_persistent_disk": [],
                            "projected": [],
                            "quobyte": [],
                            "rbd": [],
                            "secret": [],
                            "vsphere_volume": []
                          }
                        ]
                      }
                    ]
                  }
                ]
              }
            ],
            "timeouts": null,
            "wait_for_rollout": true
          },
          "sensitive_attributes": [],
          "private": "eyJlMmJmYjczMC1lY2FhLTExZTYtOGY4OC0zNDM2M2JjN2M0YzAiOnsiY3JlYXRlIjo2MDAwMDAwMDAwMDAsImRlbGV0ZSI6NjAwMDAwMDAwMDAwLCJ1cGRhdGUiOjYwMDAwMDAwMDAwMH0sInNjaGVtYV92ZXJzaW9uIjoiMSJ9",
          "dependencies": [
            "kubernetes_namespace.soak",
            "module.http-blackhole.kubernetes_config_map.lading",
            "module.http-blackhole.kubernetes_deployment.http-blackhole",
            "module.http-blackhole.kubernetes_service.http-blackhole",
            "module.vector.kubernetes_config_map.vector"
          ]
        }
      ]
    },
    {
      "module": "module.vector",
      "mode": "managed",
      "type": "kubernetes_service",
      "name": "vector",
      "provider": "provider[\"registry.terraform.io/hashicorp/kubernetes\"]",
      "instances": [
        {
          "schema_version": 1,
          "attributes": {
            "id": "soak/vector",
            "metadata": [
              {
                "annotations": null,
                "generate_name": "",
                "generation": 0,
                "labels": null,
                "name": "vector",
                "namespace": "soak",
                "resource_version": "521",
                "uid": "fa37d4dd-80c9-4595-a6b7-7ae97276d757"
              }
            ],
            "spec": [
              {
                "cluster_ip": "10.102.126.122",
                "external_ips": null,
                "external_name": "",
                "external_traffic_policy": "",
                "health_check_node_port": 0,
                "load_balancer_ip": "",
                "load_balancer_source_ranges": null,
                "port": [
                  {
                    "name": "source",
                    "node_port": 0,
                    "port": 8282,
                    "protocol": "TCP",
                    "target_port": "8282"
                  },
                  {
                    "name": "prom-export",
                    "node_port": 0,
                    "port": 9090,
                    "protocol": "TCP",
                    "target_port": "9090"
                  }
                ],
                "publish_not_ready_addresses": false,
                "selector": {
                  "app": "vector",
                  "type": "comparison"
                },
                "session_affinity": "ClientIP",
                "type": "ClusterIP"
              }
            ],
            "status": [
              {
                "load_balancer": [
                  {
                    "ingress": []
                  }
                ]
              }
            ],
            "timeouts": null,
            "wait_for_load_balancer": true
          },
          "sensitive_attributes": [],
          "private": "eyJlMmJmYjczMC1lY2FhLTExZTYtOGY4OC0zNDM2M2JjN2M0YzAiOnsiY3JlYXRlIjo2MDAwMDAwMDAwMDB9LCJzY2hlbWFfdmVyc2lvbiI6IjEifQ==",
          "dependencies": [
            "kubernetes_namespace.soak",
            "module.http-blackhole.kubernetes_config_map.lading",
            "module.http-blackhole.kubernetes_deployment.http-blackhole",
            "module.http-blackhole.kubernetes_service.http-blackhole"
          ]
        }
      ]
    }
  ]
}
