{
  "version": 4,
  "terraform_version": "1.0.11",
  "serial": 15,
  "lineage": "fdae6b47-def8-4e0f-f99c-251a8e1e2b80",
  "outputs": {},
  "resources": [
    {
      "mode": "managed",
      "type": "kubernetes_namespace",
      "name": "soak",
      "provider": "provider[\"registry.terraform.io/hashicorp/kubernetes\"]",
      "instances": [
        {
          "schema_version": 0,
          "attributes": {
            "id": "soak",
            "metadata": [
              {
                "annotations": null,
                "generate_name": "",
                "generation": 0,
                "labels": null,
                "name": "soak",
                "resource_version": "438",
                "uid": "e2d31a25-0755-4d08-95a4-364c584790b5"
              }
            ],
            "timeouts": null
          },
          "sensitive_attributes": [],
          "private": "eyJlMmJmYjczMC1lY2FhLTExZTYtOGY4OC0zNDM2M2JjN2M0YzAiOnsiZGVsZXRlIjozMDAwMDAwMDAwMDB9fQ=="
        }
      ]
    },
    {
      "module": "module.http-blackhole",
      "mode": "managed",
      "type": "kubernetes_config_map",
      "name": "lading",
      "provider": "provider[\"registry.terraform.io/hashicorp/kubernetes\"]",
      "instances": [
        {
          "schema_version": 0,
          "attributes": {
            "binary_data": null,
            "data": {
              "http_blackhole.yaml": "worker_threads: 1\nbinding_addr: \"0.0.0.0:8080\"\nprometheus_addr: \"0.0.0.0:9090\"\n"
            },
            "id": "soak/lading-http-blackhole",
            "metadata": [
              {
                "annotations": null,
                "generate_name": "",
                "generation": 0,
                "labels": null,
                "name": "lading-http-blackhole",
                "namespace": "soak",
                "resource_version": "447",
                "uid": "f9711057-ebc6-465d-986c-ed481e4c19cc"
              }
            ]
          },
          "sensitive_attributes": [],
          "private": "bnVsbA==",
          "dependencies": [
            "kubernetes_namespace.soak"
          ]
        }
      ]
    },
    {
      "module": "module.http-blackhole",
      "mode": "managed",
      "type": "kubernetes_deployment",
      "name": "http-blackhole",
      "provider": "provider[\"registry.terraform.io/hashicorp/kubernetes\"]",
      "instances": [
        {
          "schema_version": 1,
          "attributes": {
            "id": "soak/http-blackhole",
            "metadata": [
              {
                "annotations": null,
                "generate_name": "",
                "generation": 1,
                "labels": {
                  "app": "http-blackhole",
                  "type": "baseline"
                },
                "name": "http-blackhole",
                "namespace": "soak",
                "resource_version": "514",
                "uid": "3f2d54c0-a810-4df4-86d1-93cc75e95c01"
              }
            ],
            "spec": [
              {
                "min_ready_seconds": 0,
                "paused": false,
                "progress_deadline_seconds": 600,
                "replicas": "1",
                "revision_history_limit": 10,
                "selector": [
                  {
                    "match_expressions": [],
                    "match_labels": {
                      "app": "http-blackhole",
                      "type": "baseline"
                    }
                  }
                ],
                "strategy": [
                  {
                    "rolling_update": [
                      {
                        "max_surge": "25%",
                        "max_unavailable": "25%"
                      }
                    ],
                    "type": "RollingUpdate"
                  }
                ],
                "template": [
                  {
                    "metadata": [
                      {
                        "annotations": {
                          "prometheus.io/path": "/metrics",
                          "prometheus.io/port": "9090",
                          "prometheus.io/scrape": "true"
                        },
                        "generate_name": "",
                        "generation": 0,
                        "labels": {
                          "app": "http-blackhole",
                          "type": "baseline"
                        },
                        "name": "",
                        "namespace": "",
                        "resource_version": "",
                        "uid": ""
                      }
                    ],
                    "spec": [
                      {
                        "active_deadline_seconds": 0,
                        "affinity": [],
                        "automount_service_account_token": false,
                        "container": [
                          {
                            "args": null,
                            "command": [
                              "/http_blackhole"
                            ],
                            "env": [],
                            "env_from": [],
                            "image": "ghcr.io/blt/lading:sha-0da91906d56acc899b829cea971d79f13e712e21",
                            "image_pull_policy": "IfNotPresent",
                            "lifecycle": [],
                            "liveness_probe": [
                              {
                                "exec": [],
                                "failure_threshold": 3,
                                "http_get": [
                                  {
                                    "host": "",
                                    "http_header": [],
                                    "path": "/metrics",
                                    "port": "9090",
                                    "scheme": "HTTP"
                                  }
                                ],
                                "initial_delay_seconds": 0,
                                "period_seconds": 10,
                                "success_threshold": 1,
                                "tcp_socket": [],
                                "timeout_seconds": 1
                              }
                            ],
                            "name": "http-blackhole",
                            "port": [
                              {
                                "container_port": 8080,
                                "host_ip": "",
                                "host_port": 0,
                                "name": "listen",
                                "protocol": "TCP"
                              },
                              {
                                "container_port": 9090,
                                "host_ip": "",
                                "host_port": 0,
                                "name": "prom-export",
                                "protocol": "TCP"
                              }
                            ],
                            "readiness_probe": [],
                            "resources": [
                              {
                                "limits": {},
                                "requests": {
                                  "cpu": "100m",
                                  "memory": "32Mi"
                                }
                              }
                            ],
                            "security_context": [],
                            "startup_probe": [],
                            "stdin": false,
                            "stdin_once": false,
                            "termination_message_path": "/dev/termination-log",
                            "termination_message_policy": "File",
                            "tty": false,
                            "volume_mount": [
                              {
                                "mount_path": "/etc/lading",
                                "mount_propagation": "None",
                                "name": "etc-lading",
                                "read_only": true,
                                "sub_path": ""
                              }
                            ],
                            "working_dir": ""
                          }
                        ],
                        "dns_config": [],
                        "dns_policy": "ClusterFirst",
                        "enable_service_links": true,
                        "host_aliases": [],
                        "host_ipc": false,
                        "host_network": false,
                        "host_pid": false,
                        "hostname": "",
                        "image_pull_secrets": [],
                        "init_container": [],
                        "node_name": "",
                        "node_selector": null,
                        "priority_class_name": "",
                        "readiness_gate": [],
                        "restart_policy": "Always",
                        "security_context": [],
                        "service_account_name": "",
                        "share_process_namespace": false,
                        "subdomain": "",
                        "termination_grace_period_seconds": 30,
                        "toleration": [],
                        "topology_spread_constraint": [],
                        "volume": [
                          {
                            "aws_elastic_block_store": [],
                            "azure_disk": [],
                            "azure_file": [],
                            "ceph_fs": [],
                            "cinder": [],
                            "config_map": [
                              {
                                "default_mode": "0644",
                                "items": [],
                                "name": "lading-http-blackhole",
                                "optional": false
                              }
                            ],
                            "csi": [],
                            "downward_api": [],
                            "empty_dir": [],
                            "fc": [],
                            "flex_volume": [],
                            "flocker": [],
                            "gce_persistent_disk": [],
                            "git_repo": [],
                            "glusterfs": [],
                            "host_path": [],
                            "iscsi": [],
                            "local": [],
                            "name": "etc-lading",
                            "nfs": [],
                            "persistent_volume_claim": [],
                            "photon_persistent_disk": [],
                            "projected": [],
                            "quobyte": [],
                            "rbd": [],
                            "secret": [],
                            "vsphere_volume": []
                          }
                        ]
                      }
                    ]
                  }
                ]
              }
            ],
            "timeouts": null,
            "wait_for_rollout": true
          },
          "sensitive_attributes": [],
          "private": "eyJlMmJmYjczMC1lY2FhLTExZTYtOGY4OC0zNDM2M2JjN2M0YzAiOnsiY3JlYXRlIjo2MDAwMDAwMDAwMDAsImRlbGV0ZSI6NjAwMDAwMDAwMDAwLCJ1cGRhdGUiOjYwMDAwMDAwMDAwMH0sInNjaGVtYV92ZXJzaW9uIjoiMSJ9",
          "dependencies": [
            "kubernetes_namespace.soak",
            "module.http-blackhole.kubernetes_config_map.lading"
          ]
        }
      ]
    },
    {
      "module": "module.http-blackhole",
      "mode": "managed",
      "type": "kubernetes_service",
      "name": "http-blackhole",
      "provider": "provider[\"registry.terraform.io/hashicorp/kubernetes\"]",
      "instances": [
        {
          "schema_version": 1,
          "attributes": {
            "id": "soak/http-blackhole",
            "metadata": [
              {
                "annotations": null,
                "generate_name": "",
                "generation": 0,
                "labels": null,
                "name": "http-blackhole",
                "namespace": "soak",
                "resource_version": "450",
                "uid": "6d933e5f-1f2e-4c3d-ab62-b5b839c7544b"
              }
            ],
            "spec": [
              {
                "cluster_ip": "10.110.153.250",
                "external_ips": null,
                "external_name": "",
                "external_traffic_policy": "",
                "health_check_node_port": 0,
                "load_balancer_ip": "",
                "load_balancer_source_ranges": null,
                "port": [
                  {
                    "name": "datadog-agent",
                    "node_port": 0,
                    "port": 8080,
                    "protocol": "TCP",
                    "target_port": "8080"
                  },
                  {
                    "name": "prom-export",
                    "node_port": 0,
                    "port": 9090,
                    "protocol": "TCP",
                    "target_port": "9090"
                  }
                ],
                "publish_not_ready_addresses": false,
                "selector": {
                  "app": "http-blackhole",
                  "type": "baseline"
                },
                "session_affinity": "ClientIP",
                "type": "ClusterIP"
              }
            ],
            "status": [
              {
                "load_balancer": [
                  {
                    "ingress": []
                  }
                ]
              }
            ],
            "timeouts": null,
            "wait_for_load_balancer": true
          },
          "sensitive_attributes": [],
          "private": "eyJlMmJmYjczMC1lY2FhLTExZTYtOGY4OC0zNDM2M2JjN2M0YzAiOnsiY3JlYXRlIjo2MDAwMDAwMDAwMDB9LCJzY2hlbWFfdmVyc2lvbiI6IjEifQ==",
          "dependencies": [
            "kubernetes_namespace.soak"
          ]
        }
      ]
    },
    {
      "module": "module.http-gen",
      "mode": "managed",
      "type": "kubernetes_config_map",
      "name": "lading",
      "provider": "provider[\"registry.terraform.io/hashicorp/kubernetes\"]",
      "instances": [
        {
          "schema_version": 0,
          "attributes": {
            "binary_data": null,
            "data": {
              "http_gen.yaml": "worker_threads: 2\nprometheus_addr: \"0.0.0.0:9090\"\n\ntargets:\n  vector:\n    headers:\n      dd-api-key: \"DEADBEEF\"\n    target_uri: \"http://vector:8282/v1/input\"\n    bytes_per_second: \"500 Mb\"\n    parallel_connections: 10\n    method:\n      post:\n        variant: \"datadog_log\"\n        maximum_prebuild_cache_size_bytes: \"256 Mb\"\n"
            },
            "id": "soak/lading-http-gen",
            "metadata": [
              {
                "annotations": null,
                "generate_name": "",
                "generation": 0,
                "labels": null,
                "name": "lading-http-gen",
                "namespace": "soak",
                "resource_version": "547",
                "uid": "d6ca771d-e6dc-48d8-83ae-b87f9038474b"
              }
            ]
          },
          "sensitive_attributes": [],
          "private": "bnVsbA==",
          "dependencies": [
            "kubernetes_namespace.soak",
            "module.http-blackhole.kubernetes_config_map.lading",
            "module.http-blackhole.kubernetes_deployment.http-blackhole",
            "module.http-blackhole.kubernetes_service.http-blackhole",
            "module.vector.kubernetes_config_map.vector",
            "module.vector.kubernetes_deployment.vector",
            "module.vector.kubernetes_service.vector"
          ]
        }
      ]
    },
    {
      "module": "module.http-gen",
      "mode": "managed",
      "type": "kubernetes_config_map",
      "name": "lading_bootstrap",
      "provider": "provider[\"registry.terraform.io/hashicorp/kubernetes\"]",
      "instances": [
        {
          "schema_version": 0,
          "attributes": {
            "binary_data": null,
            "data": {
              "bootstrap.log": ""
            },
            "id": "soak/lading-http-gen-bootstrap",
            "metadata": [
              {
                "annotations": null,
                "generate_name": "",
                "generation": 0,
                "labels": null,
                "name": "lading-http-gen-bootstrap",
                "namespace": "soak",
                "resource_version": "548",
                "uid": "d82539da-8c9c-4f88-9912-ae5073b10c4e"
              }
            ]
          },
          "sensitive_attributes": [],
          "private": "bnVsbA==",
          "dependencies": [
            "kubernetes_namespace.soak",
            "module.http-blackhole.kubernetes_config_map.lading",
            "module.http-blackhole.kubernetes_deployment.http-blackhole",
            "module.http-blackhole.kubernetes_service.http-blackhole",
            "module.vector.kubernetes_config_map.vector",
            "module.vector.kubernetes_deployment.vector",
            "module.vector.kubernetes_service.vector"
          ]
        }
      ]
    },
    {
      "module": "module.http-gen",
      "mode": "managed",
      "type": "kubernetes_deployment",
      "name": "http-gen",
      "provider": "provider[\"registry.terraform.io/hashicorp/kubernetes\"]",
      "instances": [
        {
          "schema_version": 1,
          "attributes": {
            "id": "soak/http-gen",
            "metadata": [
              {
                "annotations": null,
                "generate_name": "",
                "generation": 1,
                "labels": {
                  "app": "http-gen",
                  "type": "baseline"
                },
                "name": "http-gen",
                "namespace": "soak",
                "resource_version": "575",
                "uid": "91ba9fb7-eba5-402f-9dd6-2433589424b0"
              }
            ],
            "spec": [
              {
                "min_ready_seconds": 0,
                "paused": false,
                "progress_deadline_seconds": 600,
                "replicas": "1",
                "revision_history_limit": 10,
                "selector": [
                  {
                    "match_expressions": [],
                    "match_labels": {
                      "app": "http-gen",
                      "type": "baseline"
                    }
                  }
                ],
                "strategy": [
                  {
                    "rolling_update": [
                      {
                        "max_surge": "25%",
                        "max_unavailable": "25%"
                      }
                    ],
                    "type": "RollingUpdate"
                  }
                ],
                "template": [
                  {
                    "metadata": [
                      {
                        "annotations": {
                          "prometheus.io/path": "/metrics",
                          "prometheus.io/port": "9090",
                          "prometheus.io/scrape": "true"
                        },
                        "generate_name": "",
                        "generation": 0,
                        "labels": {
                          "app": "http-gen",
                          "type": "baseline"
                        },
                        "name": "",
                        "namespace": "",
                        "resource_version": "",
                        "uid": ""
                      }
                    ],
                    "spec": [
                      {
                        "active_deadline_seconds": 0,
                        "affinity": [],
                        "automount_service_account_token": false,
                        "container": [
                          {
                            "args": null,
                            "command": [
                              "/http_gen"
                            ],
                            "env": [],
                            "env_from": [],
                            "image": "ghcr.io/blt/lading:sha-0da91906d56acc899b829cea971d79f13e712e21",
                            "image_pull_policy": "IfNotPresent",
                            "lifecycle": [],
                            "liveness_probe": [
                              {
                                "exec": [],
                                "failure_threshold": 3,
                                "http_get": [
                                  {
                                    "host": "",
                                    "http_header": [],
                                    "path": "/metrics",
                                    "port": "9090",
                                    "scheme": "HTTP"
                                  }
                                ],
                                "initial_delay_seconds": 0,
                                "period_seconds": 10,
                                "success_threshold": 1,
                                "tcp_socket": [],
                                "timeout_seconds": 1
                              }
                            ],
                            "name": "http-gen",
                            "port": [
                              {
                                "container_port": 9090,
                                "host_ip": "",
                                "host_port": 0,
                                "name": "prom-export",
                                "protocol": "TCP"
                              }
                            ],
                            "readiness_probe": [],
                            "resources": [
                              {
                                "limits": {
                                  "cpu": "1",
                                  "memory": "512Mi"
                                },
                                "requests": {
                                  "cpu": "1",
                                  "memory": "512Mi"
                                }
                              }
                            ],
                            "security_context": [],
                            "startup_probe": [],
                            "stdin": false,
                            "stdin_once": false,
                            "termination_message_path": "/dev/termination-log",
                            "termination_message_policy": "File",
                            "tty": false,
                            "volume_mount": [
                              {
                                "mount_path": "/data",
                                "mount_propagation": "None",
                                "name": "data",
                                "read_only": true,
                                "sub_path": ""
                              },
                              {
                                "mount_path": "/etc/lading",
                                "mount_propagation": "None",
                                "name": "etc-lading",
                                "read_only": true,
                                "sub_path": ""
                              }
                            ],
                            "working_dir": ""
                          }
                        ],
                        "dns_config": [],
                        "dns_policy": "ClusterFirst",
                        "enable_service_links": true,
                        "host_aliases": [],
                        "host_ipc": false,
                        "host_network": false,
                        "host_pid": false,
                        "hostname": "",
                        "image_pull_secrets": [],
                        "init_container": [],
                        "node_name": "",
                        "node_selector": null,
                        "priority_class_name": "",
                        "readiness_gate": [],
                        "restart_policy": "Always",
                        "security_context": [],
                        "service_account_name": "",
                        "share_process_namespace": false,
                        "subdomain": "",
                        "termination_grace_period_seconds": 30,
                        "toleration": [],
                        "topology_spread_constraint": [],
                        "volume": [
                          {
                            "aws_elastic_block_store": [],
                            "azure_disk": [],
                            "azure_file": [],
                            "ceph_fs": [],
                            "cinder": [],
                            "config_map": [
                              {
                                "default_mode": "0644",
                                "items": [],
                                "name": "lading-http-gen",
                                "optional": false
                              }
                            ],
                            "csi": [],
                            "downward_api": [],
                            "empty_dir": [],
                            "fc": [],
                            "flex_volume": [],
                            "flocker": [],
                            "gce_persistent_disk": [],
                            "git_repo": [],
                            "glusterfs": [],
                            "host_path": [],
                            "iscsi": [],
                            "local": [],
                            "name": "etc-lading",
                            "nfs": [],
                            "persistent_volume_claim": [],
                            "photon_persistent_disk": [],
                            "projected": [],
                            "quobyte": [],
                            "rbd": [],
                            "secret": [],
                            "vsphere_volume": []
                          },
                          {
                            "aws_elastic_block_store": [],
                            "azure_disk": [],
                            "azure_file": [],
                            "ceph_fs": [],
                            "cinder": [],
                            "config_map": [
                              {
                                "default_mode": "0644",
                                "items": [],
                                "name": "lading-http-gen-bootstrap",
                                "optional": false
                              }
                            ],
                            "csi": [],
                            "downward_api": [],
                            "empty_dir": [],
                            "fc": [],
                            "flex_volume": [],
                            "flocker": [],
                            "gce_persistent_disk": [],
                            "git_repo": [],
                            "glusterfs": [],
                            "host_path": [],
                            "iscsi": [],
                            "local": [],
                            "name": "data",
                            "nfs": [],
                            "persistent_volume_claim": [],
                            "photon_persistent_disk": [],
                            "projected": [],
                            "quobyte": [],
                            "rbd": [],
                            "secret": [],
                            "vsphere_volume": []
                          }
                        ]
                      }
                    ]
                  }
                ]
              }
            ],
            "timeouts": null,
            "wait_for_rollout": true
          },
          "sensitive_attributes": [],
          "private": "eyJlMmJmYjczMC1lY2FhLTExZTYtOGY4OC0zNDM2M2JjN2M0YzAiOnsiY3JlYXRlIjo2MDAwMDAwMDAwMDAsImRlbGV0ZSI6NjAwMDAwMDAwMDAwLCJ1cGRhdGUiOjYwMDAwMDAwMDAwMH0sInNjaGVtYV92ZXJzaW9uIjoiMSJ9",
          "dependencies": [
            "kubernetes_namespace.soak",
            "module.http-blackhole.kubernetes_config_map.lading",
            "module.http-blackhole.kubernetes_deployment.http-blackhole",
            "module.http-blackhole.kubernetes_service.http-blackhole",
            "module.http-gen.kubernetes_config_map.lading",
            "module.http-gen.kubernetes_config_map.lading_bootstrap",
            "module.vector.kubernetes_config_map.vector",
            "module.vector.kubernetes_deployment.vector",
            "module.vector.kubernetes_service.vector"
          ]
        }
      ]
    },
    {
      "module": "module.http-gen",
      "mode": "managed",
      "type": "kubernetes_service",
      "name": "http-gen",
      "provider": "provider[\"registry.terraform.io/hashicorp/kubernetes\"]",
      "instances": [
        {
          "schema_version": 1,
          "attributes": {
            "id": "soak/http-gen",
            "metadata": [
              {
                "annotations": null,
                "generate_name": "",
                "generation": 0,
                "labels": null,
                "name": "http-gen",
                "namespace": "soak",
                "resource_version": "550",
                "uid": "2caca316-31a3-4ab3-95bf-c5dd822b2290"
              }
            ],
            "spec": [
              {
                "cluster_ip": "10.104.97.11",
                "external_ips": null,
                "external_name": "",
                "external_traffic_policy": "",
                "health_check_node_port": 0,
                "load_balancer_ip": "",
                "load_balancer_source_ranges": null,
                "port": [
                  {
                    "name": "prom-export",
                    "node_port": 0,
                    "port": 9090,
                    "protocol": "TCP",
                    "target_port": "9090"
                  }
                ],
                "publish_not_ready_addresses": false,
                "selector": {
                  "app": "http-gen",
                  "type": "baseline"
                },
                "session_affinity": "ClientIP",
                "type": "ClusterIP"
              }
            ],
            "status": [
              {
                "load_balancer": [
                  {
                    "ingress": []
                  }
                ]
              }
            ],
            "timeouts": null,
            "wait_for_load_balancer": true
          },
          "sensitive_attributes": [],
          "private": "eyJlMmJmYjczMC1lY2FhLTExZTYtOGY4OC0zNDM2M2JjN2M0YzAiOnsiY3JlYXRlIjo2MDAwMDAwMDAwMDB9LCJzY2hlbWFfdmVyc2lvbiI6IjEifQ==",
          "dependencies": [
            "kubernetes_namespace.soak",
            "module.http-blackhole.kubernetes_config_map.lading",
            "module.http-blackhole.kubernetes_deployment.http-blackhole",
            "module.http-blackhole.kubernetes_service.http-blackhole",
            "module.vector.kubernetes_config_map.vector",
            "module.vector.kubernetes_deployment.vector",
            "module.vector.kubernetes_service.vector"
          ]
        }
      ]
    },
    {
      "module": "module.monitoring",
      "mode": "data",
      "type": "template_file",
      "name": "soak-observer",
      "provider": "provider[\"registry.terraform.io/hashicorp/template\"]",
      "instances": [
        {
          "schema_version": 0,
          "attributes": {
            "filename": null,
            "id": "df77d59e05845fcf07196cc327d70fcf30c70e8acbd9c5fdd01450dfb8751bc5",
            "rendered": "experiment_name: \"datadog_agent_remap_datadog_logs_acks\"\nvariant: \"baseline\"\ncapture_path: \"/captures/baseline.captures\"\ntargets:\n  - id: vector\n    url: \"http://vector.soak:9090/metrics\"\n  - id: lading_http_gen\n    url: \"http://http-gen.soak:9090\"\n  - id: lading_http_blackhole\n    url: \"http://http-blackhole.soak:9090\"\n  - id: lading_tcp_gen\n    url: \"http://tcp-gen.soak:9090\"\n  - id: lading_splunk_hec_blackhole\n    url: \"http://splunk-hec-blackhole.soak:9090\"\n  - id: lading_splunk_hec_gen\n    url: \"http://splunk-hec-gen.soak:9090\"\n",
            "template": "experiment_name: \"${experiment_name}\"\nvariant: \"${experiment_variant}\"\ncapture_path: \"/captures/${experiment_variant}.captures\"\ntargets:\n  - id: vector\n    url: \"http://vector.soak:9090/metrics\"\n  - id: lading_http_gen\n    url: \"http://http-gen.soak:9090\"\n  - id: lading_http_blackhole\n    url: \"http://http-blackhole.soak:9090\"\n  - id: lading_tcp_gen\n    url: \"http://tcp-gen.soak:9090\"\n  - id: lading_splunk_hec_blackhole\n    url: \"http://splunk-hec-blackhole.soak:9090\"\n  - id: lading_splunk_hec_gen\n    url: \"http://splunk-hec-gen.soak:9090\"\n",
            "vars": {
              "experiment_name": "datadog_agent_remap_datadog_logs_acks",
              "experiment_variant": "baseline",
              "vector_id": "vector:0489fd20f1f4916cfdc20ab0697a47b9da823bd8"
            }
          },
          "sensitive_attributes": []
        }
      ]
    },
    {
      "module": "module.monitoring",
      "mode": "managed",
      "type": "kubernetes_config_map",
      "name": "observer",
      "provider": "provider[\"registry.terraform.io/hashicorp/kubernetes\"]",
      "instances": [
        {
          "schema_version": 0,
          "attributes": {
            "binary_data": null,
            "data": {
              "observer.yaml": "experiment_name: \"datadog_agent_remap_datadog_logs_acks\"\nvariant: \"baseline\"\ncapture_path: \"/captures/baseline.captures\"\ntargets:\n  - id: vector\n    url: \"http://vector.soak:9090/metrics\"\n  - id: lading_http_gen\n    url: \"http://http-gen.soak:9090\"\n  - id: lading_http_blackhole\n    url: \"http://http-blackhole.soak:9090\"\n  - id: lading_tcp_gen\n    url: \"http://tcp-gen.soak:9090\"\n  - id: lading_splunk_hec_blackhole\n    url: \"http://splunk-hec-blackhole.soak:9090\"\n  - id: lading_splunk_hec_gen\n    url: \"http://splunk-hec-gen.soak:9090\"\n"
            },
            "id": "monitoring/observer",
            "metadata": [
              {
                "annotations": null,
                "generate_name": "",
                "generation": 0,
                "labels": null,
                "name": "observer",
                "namespace": "monitoring",
                "resource_version": "448",
                "uid": "b5fb5fa7-9a10-4d9d-966e-c4a7ff70d32f"
              }
            ]
          },
          "sensitive_attributes": [],
          "private": "bnVsbA==",
          "dependencies": [
            "module.monitoring.data.template_file.soak-observer",
            "module.monitoring.kubernetes_namespace.monitoring"
          ]
        }
      ]
    },
    {
      "module": "module.monitoring",
      "mode": "managed",
      "type": "kubernetes_deployment",
      "name": "observer",
      "provider": "provider[\"registry.terraform.io/hashicorp/kubernetes\"]",
      "instances": [
        {
          "schema_version": 1,
          "attributes": {
            "id": "monitoring/observer",
            "metadata": [
              {
                "annotations": null,
                "generate_name": "",
                "generation": 1,
                "labels": {
                  "app": "observer"
                },
                "name": "observer",
                "namespace": "monitoring",
                "resource_version": "523",
                "uid": "d0c169e8-356f-4765-9116-fe527fd89995"
              }
            ],
            "spec": [
              {
                "min_ready_seconds": 0,
                "paused": false,
                "progress_deadline_seconds": 600,
                "replicas": "1",
                "revision_history_limit": 10,
                "selector": [
                  {
                    "match_expressions": [],
                    "match_labels": {
                      "app": "observer"
                    }
                  }
                ],
                "strategy": [
                  {
                    "rolling_update": [
                      {
                        "max_surge": "25%",
                        "max_unavailable": "25%"
                      }
                    ],
                    "type": "RollingUpdate"
                  }
                ],
                "template": [
                  {
                    "metadata": [
                      {
                        "annotations": null,
                        "generate_name": "",
                        "generation": 0,
                        "labels": {
                          "app": "observer"
                        },
                        "name": "",
                        "namespace": "",
                        "resource_version": "",
                        "uid": ""
                      }
                    ],
                    "spec": [
                      {
                        "active_deadline_seconds": 0,
                        "affinity": [],
                        "automount_service_account_token": false,
                        "container": [
                          {
                            "args": [
                              "--config-path",
                              "/etc/vector/soak/observer.yaml"
                            ],
                            "command": null,
                            "env": [],
                            "env_from": [],
                            "image": "ghcr.io/vectordotdev/vector/soak-observer:sha-64c5a94c2187581b93705e168a72d0f0a05325dc",
                            "image_pull_policy": "IfNotPresent",
                            "lifecycle": [],
                            "liveness_probe": [],
                            "name": "observer",
                            "port": [],
                            "readiness_probe": [],
                            "resources": [
                              {
                                "limits": {
                                  "cpu": "100m",
                                  "memory": "32Mi"
                                },
                                "requests": {
                                  "cpu": "100m",
                                  "memory": "32Mi"
                                }
                              }
                            ],
                            "security_context": [],
                            "startup_probe": [],
                            "stdin": false,
                            "stdin_once": false,
                            "termination_message_path": "/dev/termination-log",
                            "termination_message_policy": "File",
                            "tty": false,
                            "volume_mount": [
                              {
                                "mount_path": "/captures",
                                "mount_propagation": "None",
                                "name": "captures",
                                "read_only": false,
                                "sub_path": ""
                              },
                              {
                                "mount_path": "/etc/vector/soak",
                                "mount_propagation": "None",
                                "name": "observer-config",
                                "read_only": true,
                                "sub_path": ""
                              }
                            ],
                            "working_dir": ""
                          }
                        ],
                        "dns_config": [],
                        "dns_policy": "ClusterFirst",
                        "enable_service_links": true,
                        "host_aliases": [],
                        "host_ipc": false,
                        "host_network": false,
                        "host_pid": false,
                        "hostname": "",
                        "image_pull_secrets": [],
                        "init_container": [],
                        "node_name": "",
                        "node_selector": null,
                        "priority_class_name": "",
                        "readiness_gate": [],
                        "restart_policy": "Always",
                        "security_context": [],
                        "service_account_name": "",
                        "share_process_namespace": false,
                        "subdomain": "",
                        "termination_grace_period_seconds": 30,
                        "toleration": [],
                        "topology_spread_constraint": [],
                        "volume": [
                          {
                            "aws_elastic_block_store": [],
                            "azure_disk": [],
                            "azure_file": [],
                            "ceph_fs": [],
                            "cinder": [],
                            "config_map": [],
                            "csi": [],
                            "downward_api": [],
                            "empty_dir": [],
                            "fc": [],
                            "flex_volume": [],
                            "flocker": [],
                            "gce_persistent_disk": [],
                            "git_repo": [],
                            "glusterfs": [],
                            "host_path": [
                              {
                                "path": "/captures",
                                "type": ""
                              }
                            ],
                            "iscsi": [],
                            "local": [],
                            "name": "captures",
                            "nfs": [],
                            "persistent_volume_claim": [],
                            "photon_persistent_disk": [],
                            "projected": [],
                            "quobyte": [],
                            "rbd": [],
                            "secret": [],
                            "vsphere_volume": []
                          },
                          {
                            "aws_elastic_block_store": [],
                            "azure_disk": [],
                            "azure_file": [],
                            "ceph_fs": [],
                            "cinder": [],
                            "config_map": [
                              {
                                "default_mode": "0644",
                                "items": [],
                                "name": "observer",
                                "optional": false
                              }
                            ],
                            "csi": [],
                            "downward_api": [],
                            "empty_dir": [],
                            "fc": [],
                            "flex_volume": [],
                            "flocker": [],
                            "gce_persistent_disk": [],
                            "git_repo": [],
                            "glusterfs": [],
                            "host_path": [],
                            "iscsi": [],
                            "local": [],
                            "name": "observer-config",
                            "nfs": [],
                            "persistent_volume_claim": [],
                            "photon_persistent_disk": [],
                            "projected": [],
                            "quobyte": [],
                            "rbd": [],
                            "secret": [],
                            "vsphere_volume": []
                          }
                        ]
                      }
                    ]
                  }
                ]
              }
            ],
            "timeouts": null,
            "wait_for_rollout": true
          },
          "sensitive_attributes": [],
          "private": "eyJlMmJmYjczMC1lY2FhLTExZTYtOGY4OC0zNDM2M2JjN2M0YzAiOnsiY3JlYXRlIjo2MDAwMDAwMDAwMDAsImRlbGV0ZSI6NjAwMDAwMDAwMDAwLCJ1cGRhdGUiOjYwMDAwMDAwMDAwMH0sInNjaGVtYV92ZXJzaW9uIjoiMSJ9",
          "dependencies": [
            "module.monitoring.data.template_file.soak-observer",
            "module.monitoring.kubernetes_config_map.observer",
            "module.monitoring.kubernetes_namespace.monitoring"
          ]
        }
      ]
    },
    {
      "module": "module.monitoring",
      "mode": "managed",
      "type": "kubernetes_namespace",
      "name": "monitoring",
      "provider": "provider[\"registry.terraform.io/hashicorp/kubernetes\"]",
      "instances": [
        {
          "schema_version": 0,
          "attributes": {
            "id": "monitoring",
            "metadata": [
              {
                "annotations": null,
                "generate_name": "",
                "generation": 0,
                "labels": null,
                "name": "monitoring",
                "resource_version": "437",
                "uid": "edd0a905-2460-4018-a1fe-726ee098e632"
              }
            ],
            "timeouts": null
          },
          "sensitive_attributes": [],
          "private": "eyJlMmJmYjczMC1lY2FhLTExZTYtOGY4OC0zNDM2M2JjN2M0YzAiOnsiZGVsZXRlIjozMDAwMDAwMDAwMDB9fQ=="
        }
      ]
    },
    {
      "module": "module.vector",
      "mode": "managed",
      "type": "kubernetes_config_map",
      "name": "vector",
      "provider": "provider[\"registry.terraform.io/hashicorp/kubernetes\"]",
      "instances": [
        {
          "schema_version": 0,
          "attributes": {
            "binary_data": null,
            "data": {
              "vector.toml": "data_dir = \"/var/lib/vector\"\n\n##\n## Sources\n##\n\n[sources.internal_metrics]\ntype = \"internal_metrics\"\n\n[sources.datadog_agent]\ntype = \"datadog_agent\"\nacknowledgements = true\naddress = \"0.0.0.0:8282\"\n\n##\n## Transforms\n##\n\n[transforms.parse_message]\ntype = \"remap\"\ninputs = [\"datadog_agent\"]\nsource = '''\npyld, err = parse_json(.message)\nif err == null {\n  .message = pyld.mineral\n}\n'''\n\n##\n## Sinks\n##\n\n[sinks.prometheus]\ntype = \"prometheus_exporter\"\ninputs = [\"internal_metrics\"]\naddress = \"0.0.0.0:9090\"\n\n[sinks.datadog_logs]\ntype = \"datadog_logs\"\ninputs = [\"parse_message\"]\nendpoint = \"http://http-blackhole:8080\"\ndefault_api_key = \"DEADBEEF\"\nhealthcheck.enabled = false\nbuffer.type = \"memory\"\nbuffer.max_events = 50000 # buffer 50 payloads at a time\n"
            },
            "id": "soak/vector",
            "metadata": [
              {
                "annotations": null,
                "generate_name": "",
                "generation": 0,
                "labels": null,
                "name": "vector",
                "namespace": "soak",
                "resource_version": "516",
                "uid": "78e497ba-1c11-47b0-9e05-8874748a7c99"
              }
            ]
          },
          "sensitive_attributes": [],
          "private": "bnVsbA==",
          "dependencies": [
            "kubernetes_namespace.soak",
            "module.http-blackhole.kubernetes_config_map.lading",
            "module.http-blackhole.kubernetes_deployment.http-blackhole",
            "module.http-blackhole.kubernetes_service.http-blackhole"
          ]
        }
      ]
    },
    {
      "module": "module.vector",
      "mode": "managed",
      "type": "kubernetes_deployment",
      "name": "vector",
      "provider": "provider[\"registry.terraform.io/hashicorp/kubernetes\"]",
      "instances": [
        {
          "schema_version": 1,
          "attributes": {
            "id": "soak/vector",
            "metadata": [
              {
                "annotations": null,
                "generate_name": "",
                "generation": 1,
                "labels": {
                  "app": "vector",
                  "type": "baseline"
                },
                "name": "vector",
                "namespace": "soak",
                "resource_version": "546",
                "uid": "052d0ccd-8497-4496-ac30-e33d0dcd45fb"
              }
            ],
            "spec": [
              {
                "min_ready_seconds": 0,
                "paused": false,
                "progress_deadline_seconds": 600,
                "replicas": "1",
                "revision_history_limit": 10,
                "selector": [
                  {
                    "match_expressions": [],
                    "match_labels": {
                      "app": "vector",
                      "type": "baseline"
                    }
                  }
                ],
                "strategy": [
                  {
                    "rolling_update": [
                      {
                        "max_surge": "25%",
                        "max_unavailable": "25%"
                      }
                    ],
                    "type": "RollingUpdate"
                  }
                ],
                "template": [
                  {
                    "metadata": [
                      {
                        "annotations": {
                          "prometheus.io/path": "/metrics",
                          "prometheus.io/port": "9090",
                          "prometheus.io/scrape": "true"
                        },
                        "generate_name": "",
                        "generation": 0,
                        "labels": {
                          "app": "vector",
                          "type": "baseline"
                        },
                        "name": "",
                        "namespace": "",
                        "resource_version": "",
                        "uid": ""
                      }
                    ],
                    "spec": [
                      {
                        "active_deadline_seconds": 0,
                        "affinity": [],
                        "automount_service_account_token": false,
                        "container": [
                          {
                            "args": null,
                            "command": null,
                            "env": [],
                            "env_from": [],
                            "image": "vector:0489fd20f1f4916cfdc20ab0697a47b9da823bd8",
                            "image_pull_policy": "IfNotPresent",
                            "lifecycle": [],
                            "liveness_probe": [
                              {
                                "exec": [],
                                "failure_threshold": 3,
                                "http_get": [
                                  {
                                    "host": "",
                                    "http_header": [],
                                    "path": "/metrics",
                                    "port": "9090",
                                    "scheme": "HTTP"
                                  }
                                ],
                                "initial_delay_seconds": 0,
                                "period_seconds": 10,
                                "success_threshold": 1,
                                "tcp_socket": [],
                                "timeout_seconds": 1
                              }
                            ],
                            "name": "vector",
                            "port": [
                              {
                                "container_port": 8282,
                                "host_ip": "",
                                "host_port": 0,
                                "name": "source",
                                "protocol": "TCP"
                              },
                              {
                                "container_port": 9090,
                                "host_ip": "",
                                "host_port": 0,
                                "name": "prom-export",
                                "protocol": "TCP"
                              }
                            ],
                            "readiness_probe": [],
                            "resources": [
                              {
                                "limits": {
                                  "cpu": "4"
                                },
                                "requests": {
                                  "cpu": "4",
                                  "memory": "512Mi"
                                }
                              }
                            ],
                            "security_context": [],
                            "startup_probe": [],
                            "stdin": false,
                            "stdin_once": false,
                            "termination_message_path": "/dev/termination-log",
                            "termination_message_policy": "File",
                            "tty": false,
                            "volume_mount": [
                              {
                                "mount_path": "/var/lib/vector",
                                "mount_propagation": "None",
                                "name": "var-lib-vector",
                                "read_only": false,
                                "sub_path": ""
                              },
                              {
                                "mount_path": "/etc/vector",
                                "mount_propagation": "None",
                                "name": "etc-vector",
                                "read_only": true,
                                "sub_path": ""
                              }
                            ],
                            "working_dir": ""
                          }
                        ],
                        "dns_config": [],
                        "dns_policy": "ClusterFirst",
                        "enable_service_links": true,
                        "host_aliases": [],
                        "host_ipc": false,
                        "host_network": false,
                        "host_pid": false,
                        "hostname": "",
                        "image_pull_secrets": [],
                        "init_container": [],
                        "node_name": "",
                        "node_selector": null,
                        "priority_class_name": "",
                        "readiness_gate": [],
                        "restart_policy": "Always",
                        "security_context": [],
                        "service_account_name": "",
                        "share_process_namespace": false,
                        "subdomain": "",
                        "termination_grace_period_seconds": 30,
                        "toleration": [],
                        "topology_spread_constraint": [],
                        "volume": [
                          {
                            "aws_elastic_block_store": [],
                            "azure_disk": [],
                            "azure_file": [],
                            "ceph_fs": [],
                            "cinder": [],
                            "config_map": [],
                            "csi": [],
                            "downward_api": [],
                            "empty_dir": [
                              {
                                "medium": "",
                                "size_limit": ""
                              }
                            ],
                            "fc": [],
                            "flex_volume": [],
                            "flocker": [],
                            "gce_persistent_disk": [],
                            "git_repo": [],
                            "glusterfs": [],
                            "host_path": [],
                            "iscsi": [],
                            "local": [],
                            "name": "var-lib-vector",
                            "nfs": [],
                            "persistent_volume_claim": [],
                            "photon_persistent_disk": [],
                            "projected": [],
                            "quobyte": [],
                            "rbd": [],
                            "secret": [],
                            "vsphere_volume": []
                          },
                          {
                            "aws_elastic_block_store": [],
                            "azure_disk": [],
                            "azure_file": [],
                            "ceph_fs": [],
                            "cinder": [],
                            "config_map": [
                              {
                                "default_mode": "0644",
                                "items": [],
                                "name": "vector",
                                "optional": false
                              }
                            ],
                            "csi": [],
                            "downward_api": [],
                            "empty_dir": [],
                            "fc": [],
                            "flex_volume": [],
                            "flocker": [],
                            "gce_persistent_disk": [],
                            "git_repo": [],
                            "glusterfs": [],
                            "host_path": [],
                            "iscsi": [],
                            "local": [],
                            "name": "etc-vector",
                            "nfs": [],
                            "persistent_volume_claim": [],
                            "photon_persistent_disk": [],
                            "projected": [],
                            "quobyte": [],
                            "rbd": [],
                            "secret": [],
                            "vsphere_volume": []
                          }
                        ]
                      }
                    ]
                  }
                ]
              }
            ],
            "timeouts": null,
            "wait_for_rollout": true
          },
          "sensitive_attributes": [],
          "private": "eyJlMmJmYjczMC1lY2FhLTExZTYtOGY4OC0zNDM2M2JjN2M0YzAiOnsiY3JlYXRlIjo2MDAwMDAwMDAwMDAsImRlbGV0ZSI6NjAwMDAwMDAwMDAwLCJ1cGRhdGUiOjYwMDAwMDAwMDAwMH0sInNjaGVtYV92ZXJzaW9uIjoiMSJ9",
          "dependencies": [
            "kubernetes_namespace.soak",
            "module.http-blackhole.kubernetes_config_map.lading",
            "module.http-blackhole.kubernetes_deployment.http-blackhole",
            "module.http-blackhole.kubernetes_service.http-blackhole",
            "module.vector.kubernetes_config_map.vector"
          ]
        }
      ]
    },
    {
      "module": "module.vector",
      "mode": "managed",
      "type": "kubernetes_service",
      "name": "vector",
      "provider": "provider[\"registry.terraform.io/hashicorp/kubernetes\"]",
      "instances": [
        {
          "schema_version": 1,
          "attributes": {
            "id": "soak/vector",
            "metadata": [
              {
                "annotations": null,
                "generate_name": "",
                "generation": 0,
                "labels": null,
                "name": "vector",
                "namespace": "soak",
                "resource_version": "518",
                "uid": "aef34d9d-e198-40f8-be3a-864d145706ad"
              }
            ],
            "spec": [
              {
                "cluster_ip": "10.104.217.204",
                "external_ips": null,
                "external_name": "",
                "external_traffic_policy": "",
                "health_check_node_port": 0,
                "load_balancer_ip": "",
                "load_balancer_source_ranges": null,
                "port": [
                  {
                    "name": "source",
                    "node_port": 0,
                    "port": 8282,
                    "protocol": "TCP",
                    "target_port": "8282"
                  },
                  {
                    "name": "prom-export",
                    "node_port": 0,
                    "port": 9090,
                    "protocol": "TCP",
                    "target_port": "9090"
                  }
                ],
                "publish_not_ready_addresses": false,
                "selector": {
                  "app": "vector",
                  "type": "baseline"
                },
                "session_affinity": "ClientIP",
                "type": "ClusterIP"
              }
            ],
            "status": [
              {
                "load_balancer": [
                  {
                    "ingress": []
                  }
                ]
              }
            ],
            "timeouts": null,
            "wait_for_load_balancer": true
          },
          "sensitive_attributes": [],
          "private": "eyJlMmJmYjczMC1lY2FhLTExZTYtOGY4OC0zNDM2M2JjN2M0YzAiOnsiY3JlYXRlIjo2MDAwMDAwMDAwMDB9LCJzY2hlbWFfdmVyc2lvbiI6IjEifQ==",
          "dependencies": [
            "kubernetes_namespace.soak",
            "module.http-blackhole.kubernetes_config_map.lading",
            "module.http-blackhole.kubernetes_deployment.http-blackhole",
            "module.http-blackhole.kubernetes_service.http-blackhole"
          ]
        }
      ]
    }
  ]
}
