# THIS IS AN AUTOGENERATED FILE. DO NOT EDIT THIS FILE DIRECTLY.
# yarn lockfile v1


bulma@^0.9.2:
  version "0.9.2"
  resolved "https://registry.yarnpkg.com/bulma/-/bulma-0.9.2.tgz#340011e119c605f19b8ca886bfea595f1deaf23c"
  integrity sha512-e14EF+3VSZ488yL/lJH0tR8mFWiEQVCMi/BQUMi2TGMBOk+zrDg4wryuwm/+dRSHJw0gMawp2tsW7X1JYUCE3A==
